<?xml version="1.0" encoding="utf-8"?>
<Project ToolsVersion="4.0" xmlns="http://schemas.microsoft.com/developer/msbuild/2003">
  <ItemGroup>
    <ClCompile Include="..\..\c74support\max-includes\common\commonsyms.c" />
    <ClCompile Include="..\mains\aa\bach.c" />
  </ItemGroup>
  <ItemGroup>
    <ResourceCompile Include="..\resources\bach_resources.rc" />
  </ItemGroup>
</Project>