<?xml version="1.0" encoding="utf-8"?>
<Project ToolsVersion="4.0" xmlns="http://schemas.microsoft.com/developer/msbuild/2003">
  <ItemGroup>
    <Filter Include="aa">
      <UniqueIdentifier>{7f48a262-da44-4335-b171-0850528c3828}</UniqueIdentifier>
    </Filter>
    <Filter Include="dg">
      <UniqueIdentifier>{749cc909-4808-4c54-a3ba-97b4639eb89d}</UniqueIdentifier>
    </Filter>
    <Filter Include="kiss_fft">
      <UniqueIdentifier>{a1b4d9bb-4c5d-4082-946e-5b37f447aeed}</UniqueIdentifier>
    </Filter>
    <Filter Include="mxml">
      <UniqueIdentifier>{5f0b123a-0842-42fa-bac0-69ff01dacfc6}</UniqueIdentifier>
    </Filter>
    <Filter Include="sdif">
      <UniqueIdentifier>{7556ce8d-f9ef-497b-af55-e63a39a2c2ab}</UniqueIdentifier>
    </Filter>
    <Filter Include="sdif\sdif">
      <UniqueIdentifier>{94969fb8-3ce6-461a-b77b-62a9ba74316c}</UniqueIdentifier>
    </Filter>
    <Filter Include="sdif\include">
      <UniqueIdentifier>{f2c0fbed-d37f-4abb-8ecd-748e31501db9}</UniqueIdentifier>
    </Filter>
    <Filter Include="nn">
      <UniqueIdentifier>{b59ae145-5677-431c-9927-cca407491bc6}</UniqueIdentifier>
    </Filter>
    <Filter Include="gpc232-release">
      <UniqueIdentifier>{8d5ac4b4-74ea-409e-a78c-19d427b1afa0}</UniqueIdentifier>
    </Filter>
  </ItemGroup>
  <ItemGroup>
    <ClCompile Include="..\commons\aa\bach_128bit.cpp">
      <Filter>aa</Filter>
    </ClCompile>
    <ClCompile Include="..\commons\aa\bach_mem.c">
      <Filter>aa</Filter>
    </ClCompile>
    <ClCompile Include="..\commons\aa\bach_threads.c">
      <Filter>aa</Filter>
    </ClCompile>
    <ClCompile Include="..\commons\aa\collector_commons.c">
      <Filter>aa</Filter>
    </ClCompile>
    <ClCompile Include="..\commons\aa\hatom.c">
      <Filter>aa</Filter>
    </ClCompile>
    <ClCompile Include="..\commons\aa\llll_commons.c">
      <Filter>aa</Filter>
    </ClCompile>
    <ClCompile Include="..\commons\aa\llll_commonsyms.c">
      <Filter>aa</Filter>
    </ClCompile>
    <ClCompile Include="..\commons\aa\llll_expr_commons.c">
      <Filter>aa</Filter>
    </ClCompile>
    <ClCompile Include="..\commons\aa\llll_files.c">
      <Filter>aa</Filter>
    </ClCompile>
    <ClCompile Include="..\commons\aa\llll_math.c">
      <Filter>aa</Filter>
    </ClCompile>
    <ClCompile Include="..\commons\aa\llll_maxinterface.c">
      <Filter>aa</Filter>
    </ClCompile>
    <ClCompile Include="..\commons\aa\llll_modifiers.c">
      <Filter>aa</Filter>
    </ClCompile>
    <ClCompile Include="..\commons\aa\llllobj.c">
      <Filter>aa</Filter>
    </ClCompile>
    <ClCompile Include="..\commons\aa\notation_files.c">
      <Filter>aa</Filter>
    </ClCompile>
    <ClCompile Include="..\commons\dg\bach_inspector.c">
      <Filter>dg</Filter>
    </ClCompile>
    <ClCompile Include="..\commons\dg\bach_math_utilities.c">
      <Filter>dg</Filter>
    </ClCompile>
    <ClCompile Include="..\commons\dg\bach_slots.c">
      <Filter>dg</Filter>
    </ClCompile>
    <ClCompile Include="..\commons\dg\llll_commons_ext.c">
      <Filter>dg</Filter>
    </ClCompile>
    <ClCompile Include="..\commons\dg\llll_linearalgebra.c">
      <Filter>dg</Filter>
    </ClCompile>
    <ClCompile Include="..\commons\dg\llll_settheory.c">
      <Filter>dg</Filter>
    </ClCompile>
    <ClCompile Include="..\commons\dg\notation_commons.c">
      <Filter>dg</Filter>
    </ClCompile>
    <ClCompile Include="..\commons\dg\notation_maxinterface.c">
      <Filter>dg</Filter>
    </ClCompile>
    <ClCompile Include="..\commons\dg\rational.c">
      <Filter>dg</Filter>
    </ClCompile>
    <ClCompile Include="..\commons\kiss_fft\kiss_fft.c">
      <Filter>kiss_fft</Filter>
    </ClCompile>
    <ClCompile Include="..\commons\mxml\mxml-attr.c">
      <Filter>mxml</Filter>
    </ClCompile>
    <ClCompile Include="..\commons\mxml\mxml-entity.c">
      <Filter>mxml</Filter>
    </ClCompile>
    <ClCompile Include="..\commons\mxml\mxml-file.c">
      <Filter>mxml</Filter>
    </ClCompile>
    <ClCompile Include="..\commons\mxml\mxml-get.c">
      <Filter>mxml</Filter>
    </ClCompile>
    <ClCompile Include="..\commons\mxml\mxml-index.c">
      <Filter>mxml</Filter>
    </ClCompile>
    <ClCompile Include="..\commons\mxml\mxml-node.c">
      <Filter>mxml</Filter>
    </ClCompile>
    <ClCompile Include="..\commons\mxml\mxml-private.c">
      <Filter>mxml</Filter>
    </ClCompile>
    <ClCompile Include="..\commons\mxml\mxml-search.c">
      <Filter>mxml</Filter>
    </ClCompile>
    <ClCompile Include="..\commons\mxml\mxml-set.c">
      <Filter>mxml</Filter>
    </ClCompile>
    <ClCompile Include="..\commons\mxml\mxml-string.c">
      <Filter>mxml</Filter>
    </ClCompile>
    <ClCompile Include="..\commons\SDIF-3.11.4-src\sdif\SdifCheck.c">
      <Filter>sdif\sdif</Filter>
    </ClCompile>
    <ClCompile Include="..\commons\SDIF-3.11.4-src\sdif\SdifConvToText.c">
      <Filter>sdif\sdif</Filter>
    </ClCompile>
    <ClCompile Include="..\commons\SDIF-3.11.4-src\sdif\SdifErrMess.c">
      <Filter>sdif\sdif</Filter>
    </ClCompile>
    <ClCompile Include="..\commons\SDIF-3.11.4-src\sdif\SdifFGet.c">
      <Filter>sdif\sdif</Filter>
    </ClCompile>
    <ClCompile Include="..\commons\SDIF-3.11.4-src\sdif\SdifFile.c">
      <Filter>sdif\sdif</Filter>
    </ClCompile>
    <ClCompile Include="..\commons\SDIF-3.11.4-src\sdif\SdifFPrint.c">
      <Filter>sdif\sdif</Filter>
    </ClCompile>
    <ClCompile Include="..\commons\SDIF-3.11.4-src\sdif\SdifFPut.c">
      <Filter>sdif\sdif</Filter>
    </ClCompile>
    <ClCompile Include="..\commons\SDIF-3.11.4-src\sdif\SdifFrame.c">
      <Filter>sdif\sdif</Filter>
    </ClCompile>
    <ClCompile Include="..\commons\SDIF-3.11.4-src\sdif\SdifFrameType.c">
      <Filter>sdif\sdif</Filter>
    </ClCompile>
    <ClCompile Include="..\commons\SDIF-3.11.4-src\sdif\SdifFRead.c">
      <Filter>sdif\sdif</Filter>
    </ClCompile>
    <ClCompile Include="..\commons\SDIF-3.11.4-src\sdif\SdifFScan.c">
      <Filter>sdif\sdif</Filter>
    </ClCompile>
    <ClCompile Include="..\commons\SDIF-3.11.4-src\sdif\SdifFWrite.c">
      <Filter>sdif\sdif</Filter>
    </ClCompile>
    <ClCompile Include="..\commons\SDIF-3.11.4-src\sdif\SdifGlobals.c">
      <Filter>sdif\sdif</Filter>
    </ClCompile>
    <ClCompile Include="..\commons\SDIF-3.11.4-src\sdif\SdifHard_OS.c">
      <Filter>sdif\sdif</Filter>
    </ClCompile>
    <ClCompile Include="..\commons\SDIF-3.11.4-src\sdif\SdifHash.c">
      <Filter>sdif\sdif</Filter>
    </ClCompile>
    <ClCompile Include="..\commons\SDIF-3.11.4-src\sdif\SdifHighLevel.c">
      <Filter>sdif\sdif</Filter>
    </ClCompile>
    <ClCompile Include="..\commons\SDIF-3.11.4-src\sdif\SdifList.c">
      <Filter>sdif\sdif</Filter>
    </ClCompile>
    <ClCompile Include="..\commons\SDIF-3.11.4-src\sdif\SdifMatrix.c">
      <Filter>sdif\sdif</Filter>
    </ClCompile>
    <ClCompile Include="..\commons\SDIF-3.11.4-src\sdif\SdifMatrixType.c">
      <Filter>sdif\sdif</Filter>
    </ClCompile>
    <ClCompile Include="..\commons\SDIF-3.11.4-src\sdif\SdifNameValue.c">
      <Filter>sdif\sdif</Filter>
    </ClCompile>
    <ClCompile Include="..\commons\SDIF-3.11.4-src\sdif\SdifPreTypes.c">
      <Filter>sdif\sdif</Filter>
    </ClCompile>
    <ClCompile Include="..\commons\SDIF-3.11.4-src\sdif\SdifPrint.c">
      <Filter>sdif\sdif</Filter>
    </ClCompile>
    <ClCompile Include="..\commons\SDIF-3.11.4-src\sdif\SdifRWLowLevel.c">
      <Filter>sdif\sdif</Filter>
    </ClCompile>
    <ClCompile Include="..\commons\SDIF-3.11.4-src\sdif\SdifSelect.c">
      <Filter>sdif\sdif</Filter>
    </ClCompile>
    <ClCompile Include="..\commons\SDIF-3.11.4-src\sdif\SdifSignatureTab.c">
      <Filter>sdif\sdif</Filter>
    </ClCompile>
    <ClCompile Include="..\commons\SDIF-3.11.4-src\sdif\SdifStreamID.c">
      <Filter>sdif\sdif</Filter>
    </ClCompile>
    <ClCompile Include="..\commons\SDIF-3.11.4-src\sdif\SdifString.c">
      <Filter>sdif\sdif</Filter>
    </ClCompile>
    <ClCompile Include="..\commons\SDIF-3.11.4-src\sdif\SdifTest.c">
      <Filter>sdif\sdif</Filter>
    </ClCompile>
    <ClCompile Include="..\commons\SDIF-3.11.4-src\sdif\SdifTextConv.c">
      <Filter>sdif\sdif</Filter>
    </ClCompile>
    <ClCompile Include="..\commons\SDIF-3.11.4-src\sdif\SdifTimePosition.c">
      <Filter>sdif\sdif</Filter>
    </ClCompile>
    <ClCompile Include="..\commons\aa\llll_comparisons.c">
      <Filter>aa</Filter>
    </ClCompile>
    <ClCompile Include="..\commons\dg\bach_cursors.c">
      <Filter>dg</Filter>
    </ClCompile>
    <ClCompile Include="..\commons\dg\spectral.c">
      <Filter>dg</Filter>
    </ClCompile>
    <ClCompile Include="..\commons\nn\neuralNetwork.cpp">
      <Filter>nn</Filter>
    </ClCompile>
    <ClCompile Include="..\commons\dg\bach_graphics.c" />
    <ClCompile Include="..\commons\gpc232-release\gpc.c">
      <Filter>gpc232-release</Filter>
    </ClCompile>
    <ClCompile Include="..\commons\aa\chkparser\bach_chkparser.c">
      <Filter>aa</Filter>
    </ClCompile>
    <ClCompile Include="..\commons\aa\alterparser\bach_alterparser.c">
      <Filter>aa</Filter>
    </ClCompile>
    <ClCompile Include="..\commons\aa\exprparser\bach_exprparser.c">
      <Filter>aa</Filter>
    </ClCompile>
    <ClCompile Include="..\commons\aa\pitchparser\bach_pitchparser.c">
      <Filter>aa</Filter>
    </ClCompile>
    <ClCompile Include="..\commons\aa\strparser\bach_strparser.c">
      <Filter>aa</Filter>
    </ClCompile>
    <ClCompile Include="..\commons\aa\strparser\bach_strparser_tab.c">
      <Filter>aa</Filter>
    </ClCompile>
    <ClCompile Include="..\commons\aa\symparser\bach_symparser.c">
      <Filter>aa</Filter>
    </ClCompile>
    <ClCompile Include="..\commons\aa\symparser\bach_symparser_tab.c">
      <Filter>aa</Filter>
    </ClCompile>
    <ClCompile Include="..\commons\aa\bach_pitch.cpp">
      <Filter>aa</Filter>
    </ClCompile>
    <ClCompile Include="..\commons\aa\llll_append.c">
      <Filter>aa</Filter>
    </ClCompile>
    <ClCompile Include="..\commons\aa\llll_hatom_change.c">
      <Filter>aa</Filter>
    </ClCompile>
    <ClCompile Include="..\commons\dg\notation_dynamics.c">
      <Filter>dg</Filter>
    </ClCompile>
    <ClCompile Include="..\commons\dg\notation_goto.c">
      <Filter>dg</Filter>
    </ClCompile>
    <ClCompile Include="..\commons\dg\notation_pitches.c">
      <Filter>dg</Filter>
    </ClCompile>
  </ItemGroup>
  <ItemGroup>
    <ClInclude Include="..\commons\aa\bach_128bit.h">
      <Filter>aa</Filter>
    </ClInclude>
    <ClInclude Include="..\commons\aa\bach_threads.h">
      <Filter>aa</Filter>
    </ClInclude>
    <ClInclude Include="..\commons\aa\collector.h">
      <Filter>aa</Filter>
    </ClInclude>
    <ClInclude Include="..\commons\aa\hatom.h">
      <Filter>aa</Filter>
    </ClInclude>
    <ClInclude Include="..\commons\aa\lexpr.h">
      <Filter>aa</Filter>
    </ClInclude>
    <ClInclude Include="..\commons\aa\llll_commons.h">
      <Filter>aa</Filter>
    </ClInclude>
    <ClInclude Include="..\commons\aa\llll_commonsyms.h">
      <Filter>aa</Filter>
    </ClInclude>
    <ClInclude Include="..\commons\aa\llll_files.h">
      <Filter>aa</Filter>
    </ClInclude>
    <ClInclude Include="..\commons\aa\llll_math.h">
      <Filter>aa</Filter>
    </ClInclude>
    <ClInclude Include="..\commons\aa\llll_modifiers.h">
      <Filter>aa</Filter>
    </ClInclude>
    <ClInclude Include="..\commons\aa\llllobj.h">
      <Filter>aa</Filter>
    </ClInclude>
    <ClInclude Include="..\commons\aa\notation_attrs.h">
      <Filter>aa</Filter>
    </ClInclude>
    <ClInclude Include="..\commons\aa\notation_files.h">
      <Filter>aa</Filter>
    </ClInclude>
    <ClInclude Include="..\commons\dg\bach_math_utilities.h">
      <Filter>dg</Filter>
    </ClInclude>
    <ClInclude Include="..\commons\dg\llll_commons_ext.h">
      <Filter>dg</Filter>
    </ClInclude>
    <ClInclude Include="..\commons\dg\llll_linearalgebra.h">
      <Filter>dg</Filter>
    </ClInclude>
    <ClInclude Include="..\commons\dg\llll_settheory.h">
      <Filter>dg</Filter>
    </ClInclude>
    <ClInclude Include="..\commons\dg\notation.h">
      <Filter>dg</Filter>
    </ClInclude>
    <ClInclude Include="..\commons\dg\rational.h">
      <Filter>dg</Filter>
    </ClInclude>
    <ClInclude Include="..\commons\kiss_fft\_kiss_fft_guts.h">
      <Filter>kiss_fft</Filter>
    </ClInclude>
    <ClInclude Include="..\commons\kiss_fft\kiss_fft.h">
      <Filter>kiss_fft</Filter>
    </ClInclude>
    <ClInclude Include="..\commons\mxml\config.h">
      <Filter>mxml</Filter>
    </ClInclude>
    <ClInclude Include="..\commons\mxml\mxml.h">
      <Filter>mxml</Filter>
    </ClInclude>
    <ClInclude Include="..\commons\mxml\mxml-private.h">
      <Filter>mxml</Filter>
    </ClInclude>
    <ClInclude Include="..\commons\bach.h" />
    <ClInclude Include="..\commons\SDIF-3.11.4-src\include\sdif.h">
      <Filter>sdif\include</Filter>
    </ClInclude>
    <ClInclude Include="..\commons\SDIF-3.11.4-src\include\sdif_version.h">
      <Filter>sdif\include</Filter>
    </ClInclude>
    <ClInclude Include="..\commons\SDIF-3.11.4-src\sdif\config.h">
      <Filter>sdif\sdif</Filter>
    </ClInclude>
    <ClInclude Include="..\commons\SDIF-3.11.4-src\sdif\host_architecture.h">
      <Filter>sdif\sdif</Filter>
    </ClInclude>
    <ClInclude Include="..\commons\SDIF-3.11.4-src\sdif\SdifErrMess.h">
      <Filter>sdif\sdif</Filter>
    </ClInclude>
    <ClInclude Include="..\commons\SDIF-3.11.4-src\sdif\SdifFGet.h">
      <Filter>sdif\sdif</Filter>
    </ClInclude>
    <ClInclude Include="..\commons\SDIF-3.11.4-src\sdif\SdifFile.h">
      <Filter>sdif\sdif</Filter>
    </ClInclude>
    <ClInclude Include="..\commons\SDIF-3.11.4-src\sdif\SdifFPut.h">
      <Filter>sdif\sdif</Filter>
    </ClInclude>
    <ClInclude Include="..\commons\SDIF-3.11.4-src\sdif\SdifFrame.h">
      <Filter>sdif\sdif</Filter>
    </ClInclude>
    <ClInclude Include="..\commons\SDIF-3.11.4-src\sdif\SdifFrameType.h">
      <Filter>sdif\sdif</Filter>
    </ClInclude>
    <ClInclude Include="..\commons\SDIF-3.11.4-src\sdif\SdifFRead.h">
      <Filter>sdif\sdif</Filter>
    </ClInclude>
    <ClInclude Include="..\commons\SDIF-3.11.4-src\sdif\SdifFScan.h">
      <Filter>sdif\sdif</Filter>
    </ClInclude>
    <ClInclude Include="..\commons\SDIF-3.11.4-src\sdif\SdifFWrite.h">
      <Filter>sdif\sdif</Filter>
    </ClInclude>
    <ClInclude Include="..\commons\SDIF-3.11.4-src\sdif\SdifGlobals.h">
      <Filter>sdif\sdif</Filter>
    </ClInclude>
    <ClInclude Include="..\commons\SDIF-3.11.4-src\sdif\SdifHard_OS.h">
      <Filter>sdif\sdif</Filter>
    </ClInclude>
    <ClInclude Include="..\commons\SDIF-3.11.4-src\sdif\SdifHash.h">
      <Filter>sdif\sdif</Filter>
    </ClInclude>
    <ClInclude Include="..\commons\SDIF-3.11.4-src\sdif\SdifHighLevel.h">
      <Filter>sdif\sdif</Filter>
    </ClInclude>
    <ClInclude Include="..\commons\SDIF-3.11.4-src\sdif\SdifList.h">
      <Filter>sdif\sdif</Filter>
    </ClInclude>
    <ClInclude Include="..\commons\SDIF-3.11.4-src\sdif\SdifMatrix.h">
      <Filter>sdif\sdif</Filter>
    </ClInclude>
    <ClInclude Include="..\commons\SDIF-3.11.4-src\sdif\SdifMatrixType.h">
      <Filter>sdif\sdif</Filter>
    </ClInclude>
    <ClInclude Include="..\commons\SDIF-3.11.4-src\sdif\SdifRWLowLevel.h">
      <Filter>sdif\sdif</Filter>
    </ClInclude>
    <ClInclude Include="..\commons\SDIF-3.11.4-src\sdif\SdifSelect.h">
      <Filter>sdif\sdif</Filter>
    </ClInclude>
    <ClInclude Include="..\commons\SDIF-3.11.4-src\sdif\SdifStreamID.h">
      <Filter>sdif\sdif</Filter>
    </ClInclude>
    <ClInclude Include="..\commons\SDIF-3.11.4-src\sdif\SdifTest.h">
      <Filter>sdif\sdif</Filter>
    </ClInclude>
    <ClInclude Include="..\commons\SDIF-3.11.4-src\sdif\sdiftypes.h">
      <Filter>sdif\sdif</Filter>
    </ClInclude>
    <ClInclude Include="..\commons\SDIF-3.11.4-src\sdif\sdif_portability.h">
      <Filter>sdif\sdif</Filter>
    </ClInclude>
    <ClInclude Include="..\commons\aa\llll_comparisons.h">
      <Filter>aa</Filter>
    </ClInclude>
    <ClInclude Include="..\commons\dg\bach_cursors.h">
      <Filter>dg</Filter>
    </ClInclude>
    <ClInclude Include="..\commons\dg\spectral.h">
      <Filter>dg</Filter>
    </ClInclude>
    <ClInclude Include="..\commons\nn\dataEntry.h">
      <Filter>nn</Filter>
    </ClInclude>
    <ClInclude Include="..\commons\nn\dataReader.h">
      <Filter>nn</Filter>
    </ClInclude>
    <ClInclude Include="..\commons\nn\neuralNetwork.h">
      <Filter>nn</Filter>
    </ClInclude>
    <ClInclude Include="..\commons\dg\bach_graphics.h">
      <Filter>dg</Filter>
    </ClInclude>
    <ClInclude Include="..\commons\gpc232-release\gpc.h">
      <Filter>gpc232-release</Filter>
    </ClInclude>
    <ClInclude Include="..\commons\aa\strparser\bach_strparser_lex.h">
      <Filter>aa</Filter>
    </ClInclude>
    <ClInclude Include="..\commons\aa\strparser\bach_strparser_tab.h">
      <Filter>aa</Filter>
    </ClInclude>
    <ClInclude Include="..\commons\aa\alterparser\alterparser.h">
      <Filter>aa</Filter>
    </ClInclude>
    <ClInclude Include="..\commons\aa\chkparser\chkparser.h">
      <Filter>aa</Filter>
    </ClInclude>
    <ClInclude Include="..\commons\aa\exprparser\bach_exprparser_lex.h">
      <Filter>aa</Filter>
    </ClInclude>
    <ClInclude Include="..\commons\aa\exprparser\exprparser.h">
      <Filter>aa</Filter>
    </ClInclude>
    <ClInclude Include="..\commons\aa\pitchparser\pitchparser.h">
      <Filter>aa</Filter>
    </ClInclude>
    <ClInclude Include="..\commons\aa\symparser\bach_symparser_lex.h">
      <Filter>aa</Filter>
    </ClInclude>
    <ClInclude Include="..\commons\aa\symparser\bach_symparser_tab.h">
      <Filter>aa</Filter>
    </ClInclude>
    <ClInclude Include="..\commons\aa\symparser\symparser.h">
      <Filter>aa</Filter>
    </ClInclude>
    <ClInclude Include="..\commons\aa\bach_mem.h">
      <Filter>aa</Filter>
    </ClInclude>
    <ClInclude Include="..\commons\aa\bach_parser.hpp">
      <Filter>aa</Filter>
    </ClInclude>
    <ClInclude Include="..\commons\aa\bach_pitch.hpp">
      <Filter>aa</Filter>
    </ClInclude>
    <ClInclude Include="..\commons\aa\bach_rat.hpp">
      <Filter>aa</Filter>
    </ClInclude>
    <ClInclude Include="..\commons\aa\bach_urrat.hpp">
      <Filter>aa</Filter>
    </ClInclude>
    <ClInclude Include="..\commons\aa\llll_append.h">
      <Filter>aa</Filter>
    </ClInclude>
    <ClInclude Include="..\commons\aa\llll_hatom_change.h">
      <Filter>aa</Filter>
    </ClInclude>
    <ClInclude Include="..\commons\aa\llll_lifecycle.h">
      <Filter>aa</Filter>
    </ClInclude>
    <ClInclude Include="..\commons\dg\notation_goto.h">
      <Filter>dg</Filter>
    </ClInclude>
  </ItemGroup>
</Project>