
Microsoft Visual Studio Solution File, Format Version 12.00
# Visual Studio 15
VisualStudioVersion = 15.0.27004.2009
MinimumVisualStudioVersion = 10.0.40219.1
Project("{8BC9CEB8-8B4A-11D0-8D11-00A0C91BC942}") = "bach.append", "vs_projects\bach.append.vcxproj", "{D7D2B050-0FAC-4326-89AD-C82254541416}"
EndProject
Project("{8BC9CEB8-8B4A-11D0-8D11-00A0C91BC942}") = "bach_lib", "vs_projects\bach_lib.vcxproj", "{DF55A42A-CBF8-4F3D-9BF4-E99E6219CD31}"
EndProject
Project("{8BC9CEB8-8B4A-11D0-8D11-00A0C91BC942}") = "bach", "vs_projects\bach.vcxproj", "{134C07D6-AB52-4E79-BF87-0E8F22E02FB4}"
EndProject
Project("{8BC9CEB8-8B4A-11D0-8D11-00A0C91BC942}") = "bach.adj", "vs_projects\bach.adj.vcxproj", "{BE9C9951-8080-4884-91F7-02CDB3A9CEAE}"
EndProject
Project("{8BC9CEB8-8B4A-11D0-8D11-00A0C91BC942}") = "bach.args", "vs_projects\bach.args.vcxproj", "{BE355378-5F37-486A-983A-585274A3FD83}"
EndProject
Project("{8BC9CEB8-8B4A-11D0-8D11-00A0C91BC942}") = "bach.arithmser", "vs_projects\bach.arithmser.vcxproj", "{601F8B73-314C-4B3D-922D-646794F012F8}"
EndProject
Project("{8BC9CEB8-8B4A-11D0-8D11-00A0C91BC942}") = "bach.bachtree2omtree", "vs_projects\bach.bachtree2omtree.vcxproj", "{30712ECF-BDFB-42E5-B8E7-16DC14603591}"
EndProject
Project("{8BC9CEB8-8B4A-11D0-8D11-00A0C91BC942}") = "bach.beatbox", "vs_projects\bach.beatbox.vcxproj", "{0E1121AB-1943-4390-B8A4-25FC195C14E2}"
EndProject
Project("{8BC9CEB8-8B4A-11D0-8D11-00A0C91BC942}") = "bach.beatunbox", "vs_projects\bach.beatunbox.vcxproj", "{AAECD518-B3D7-4E44-9444-13D5AE3C8056}"
EndProject
Project("{8BC9CEB8-8B4A-11D0-8D11-00A0C91BC942}") = "bach.cartesianprod", "vs_projects\bach.cartesianprod.vcxproj", "{BB9828D7-907C-40C7-B718-2106F9B76326}"
EndProject
Project("{8BC9CEB8-8B4A-11D0-8D11-00A0C91BC942}") = "bach.circle", "vs_projects\bach.circle.vcxproj", "{D9102141-D318-43F4-8B51-6541BF187942}"
EndProject
Project("{8BC9CEB8-8B4A-11D0-8D11-00A0C91BC942}") = "bach.collect", "vs_projects\bach.collect.vcxproj", "{A581ACC7-998D-40A4-BD9D-6D5CCAD0CEB4}"
EndProject
Project("{8BC9CEB8-8B4A-11D0-8D11-00A0C91BC942}") = "bach.comb", "vs_projects\bach.comb.vcxproj", "{BDDCB4D1-17B6-4003-929D-87C08F332B64}"
EndProject
Project("{8BC9CEB8-8B4A-11D0-8D11-00A0C91BC942}") = "bach.constraints", "vs_projects\bach.constraints.vcxproj", "{81FE627A-7C3D-46BE-B6FE-708E1B85F556}"
EndProject
Project("{8BC9CEB8-8B4A-11D0-8D11-00A0C91BC942}") = "bach.contains", "vs_projects\bach.contains.vcxproj", "{1E381501-39D8-4910-80FD-DF6FEB277E63}"
EndProject
Project("{8BC9CEB8-8B4A-11D0-8D11-00A0C91BC942}") = "bach.decode", "vs_projects\bach.decode.vcxproj", "{12248097-EE75-4935-98C5-DF3FB5896C1F}"
EndProject
Project("{8BC9CEB8-8B4A-11D0-8D11-00A0C91BC942}") = "bach.defer", "vs_projects\bach.defer.vcxproj", "{B0043D5D-D402-4EFC-BBE0-B284CEDEBAB3}"
EndProject
Project("{8BC9CEB8-8B4A-11D0-8D11-00A0C91BC942}") = "bach.deferlow", "vs_projects\bach.deferlow.vcxproj", "{31CEBEF6-9BF7-4881-8454-576BC9C140F6}"
EndProject
Project("{8BC9CEB8-8B4A-11D0-8D11-00A0C91BC942}") = "bach.delace", "vs_projects\bach.delace.vcxproj", "{D4D0143B-7E1D-48B5-AED5-0BB5981E0440}"
EndProject
Project("{8BC9CEB8-8B4A-11D0-8D11-00A0C91BC942}") = "bach.depth", "vs_projects\bach.depth.vcxproj", "{497EA65C-E13A-41D2-A72F-C5D60F80EC5B}"
EndProject
Project("{8BC9CEB8-8B4A-11D0-8D11-00A0C91BC942}") = "bach.diag", "vs_projects\bach.diag.vcxproj", "{BF39792F-905B-4A88-A37D-1612A08E17E7}"
EndProject
Project("{8BC9CEB8-8B4A-11D0-8D11-00A0C91BC942}") = "bach.diff", "vs_projects\bach.diff.vcxproj", "{E8E006C6-4A8D-42DF-8EB0-4C2C4F2F09B6}"
EndProject
Project("{8BC9CEB8-8B4A-11D0-8D11-00A0C91BC942}") = "bach.eig", "vs_projects\bach.eig.vcxproj", "{A72FFD77-86F9-4668-BCD7-DCCC6E280C80}"
EndProject
Project("{8BC9CEB8-8B4A-11D0-8D11-00A0C91BC942}") = "bach.embed", "vs_projects\bach.embed.vcxproj", "{22A01036-D930-4501-8578-B12DAEEA4B7D}"
EndProject
Project("{8BC9CEB8-8B4A-11D0-8D11-00A0C91BC942}") = "bach.encode", "vs_projects\bach.encode.vcxproj", "{C61CC5D2-F254-4F26-B9D3-E1C5A80004F8}"
EndProject
Project("{8BC9CEB8-8B4A-11D0-8D11-00A0C91BC942}") = "bach.eq", "vs_projects\bach.eq.vcxproj", "{630EAD6B-34E5-4A09-B29E-164AE0EC2862}"
EndProject
Project("{8BC9CEB8-8B4A-11D0-8D11-00A0C91BC942}") = "bach.expr", "vs_projects\bach.expr.vcxproj", "{8A71E44E-AE7F-4C64-8EF4-F27A7B798322}"
EndProject
Project("{8BC9CEB8-8B4A-11D0-8D11-00A0C91BC942}") = "bach.extractbasis", "vs_projects\bach.extractbasis.vcxproj", "{DF42B050-BC81-4127-8150-60B691C7E7F7}"
EndProject
Project("{8BC9CEB8-8B4A-11D0-8D11-00A0C91BC942}") = "bach.factorize", "vs_projects\bach.factorize.vcxproj", "{591DFD9E-5B07-4B9B-8FB0-F925C4981B82}"
EndProject
Project("{8BC9CEB8-8B4A-11D0-8D11-00A0C91BC942}") = "bach.fft", "vs_projects\bach.fft.vcxproj", "{D61E775B-585A-4220-854B-471AF0B7EA1D}"
EndProject
Project("{8BC9CEB8-8B4A-11D0-8D11-00A0C91BC942}") = "bach.find", "vs_projects\bach.find.vcxproj", "{B8C945D9-87D0-4BC0-AA4B-2A159DCCBAE9}"
EndProject
Project("{8BC9CEB8-8B4A-11D0-8D11-00A0C91BC942}") = "bach.flat", "vs_projects\bach.flat.vcxproj", "{77BA8D9F-57BD-4BBC-BEC9-8753858882EB}"
EndProject
Project("{8BC9CEB8-8B4A-11D0-8D11-00A0C91BC942}") = "bach.gausselim", "vs_projects\bach.gausselim.vcxproj", "{B0320572-2D95-427D-861A-8B3E9F86B61A}"
EndProject
Project("{8BC9CEB8-8B4A-11D0-8D11-00A0C91BC942}") = "bach.geomser", "vs_projects\bach.geomser.vcxproj", "{5CF46B04-42D3-4248-B7A4-D406CE0FDD55}"
EndProject
Project("{8BC9CEB8-8B4A-11D0-8D11-00A0C91BC942}") = "bach.geq", "vs_projects\bach.geq.vcxproj", "{8125DE51-4CE6-4B30-AE33-10128FFEF0CD}"
EndProject
Project("{8BC9CEB8-8B4A-11D0-8D11-00A0C91BC942}") = "bach.graph", "vs_projects\bach.graph.vcxproj", "{2CE51747-F9D8-42F2-AB97-07CD4D973534}"
EndProject
Project("{8BC9CEB8-8B4A-11D0-8D11-00A0C91BC942}") = "bach.group", "vs_projects\bach.group.vcxproj", "{A76178DA-59BC-4BE7-B1F1-E4E55676FC58}"
EndProject
Project("{8BC9CEB8-8B4A-11D0-8D11-00A0C91BC942}") = "bach.gt", "vs_projects\bach.gt.vcxproj", "{D314DCC0-A584-4751-99F9-DBC081F40E5E}"
EndProject
Project("{8BC9CEB8-8B4A-11D0-8D11-00A0C91BC942}") = "bach.hypercomment", "vs_projects\bach.hypercomment.vcxproj", "{C64E2C86-A0B0-4348-91CF-0340962E6089}"
EndProject
Project("{8BC9CEB8-8B4A-11D0-8D11-00A0C91BC942}") = "bach.insert", "vs_projects\bach.insert.vcxproj", "{C36D7816-5C4C-4EDA-95C7-E3EACE6AABD2}"
EndProject
Project("{8BC9CEB8-8B4A-11D0-8D11-00A0C91BC942}") = "bach.intersection", "vs_projects\bach.intersection.vcxproj", "{95EC26A5-9172-465C-8673-CA133CF405FE}"
EndProject
Project("{8BC9CEB8-8B4A-11D0-8D11-00A0C91BC942}") = "bach.is", "vs_projects\bach.is.vcxproj", "{4F8451EE-F8BC-4A06-8EC5-E460EF1BEA34}"
EndProject
Project("{8BC9CEB8-8B4A-11D0-8D11-00A0C91BC942}") = "bach.iter", "vs_projects\bach.iter.vcxproj", "{42BFFBA3-F45A-452B-934C-598665DE7BA9}"
EndProject
Project("{8BC9CEB8-8B4A-11D0-8D11-00A0C91BC942}") = "bach.ivec", "vs_projects\bach.ivec.vcxproj", "{DF665CA2-4F72-46D4-94C6-48DA66F282B1}"
EndProject
Project("{8BC9CEB8-8B4A-11D0-8D11-00A0C91BC942}") = "bach.keys", "vs_projects\bach.keys.vcxproj", "{7964AD2A-2C6D-4C80-B577-7A3843CF9E19}"
EndProject
Project("{8BC9CEB8-8B4A-11D0-8D11-00A0C91BC942}") = "bach.lace", "vs_projects\bach.lace.vcxproj", "{31C0599B-B3DD-4640-B23F-FC154EEAB361}"
EndProject
Project("{8BC9CEB8-8B4A-11D0-8D11-00A0C91BC942}") = "bach.length", "vs_projects\bach.length.vcxproj", "{D0D5C67A-16FE-4722-B851-40E8FDCD7791}"
EndProject
Project("{8BC9CEB8-8B4A-11D0-8D11-00A0C91BC942}") = "bach.leq", "vs_projects\bach.leq.vcxproj", "{922405C3-B9CB-47B4-BE0C-EAC29B96612E}"
EndProject
Project("{8BC9CEB8-8B4A-11D0-8D11-00A0C91BC942}") = "bach.linearsolve", "vs_projects\bach.linearsolve.vcxproj", "{B5F54C3C-7C17-4D64-A911-55CEE568D604}"
EndProject
Project("{8BC9CEB8-8B4A-11D0-8D11-00A0C91BC942}") = "bach.lt", "vs_projects\bach.lt.vcxproj", "{CCF451B0-D412-400A-9E9A-D11F6C8E6629}"
EndProject
Project("{8BC9CEB8-8B4A-11D0-8D11-00A0C91BC942}") = "bach.mc2n", "vs_projects\bach.mc2n.vcxproj", "{91D6D0EF-9620-43DF-90F0-38678723597E}"
EndProject
Project("{8BC9CEB8-8B4A-11D0-8D11-00A0C91BC942}") = "bach.mdelace", "vs_projects\bach.mdelace.vcxproj", "{6A32A54A-2533-4863-95F6-AA2B007B536E}"
EndProject
Project("{8BC9CEB8-8B4A-11D0-8D11-00A0C91BC942}") = "bach.minfo", "vs_projects\bach.minfo.vcxproj", "{70155F83-094D-43E7-9FCD-67D269DE0457}"
EndProject
Project("{8BC9CEB8-8B4A-11D0-8D11-00A0C91BC942}") = "bach.minmax", "vs_projects\bach.minmax.vcxproj", "{0AB520AB-42CB-46EF-B0B3-30B6389E1EDD}"
EndProject
Project("{8BC9CEB8-8B4A-11D0-8D11-00A0C91BC942}") = "bach.msort", "vs_projects\bach.msort.vcxproj", "{43CFC75C-6805-455D-BF64-B8D2070C4F1B}"
EndProject
Project("{8BC9CEB8-8B4A-11D0-8D11-00A0C91BC942}") = "bach.mtimes", "vs_projects\bach.mtimes.vcxproj", "{36F86CD2-C537-48CE-95A7-A37B79DA7693}"
EndProject
Project("{8BC9CEB8-8B4A-11D0-8D11-00A0C91BC942}") = "bach.n2mc", "vs_projects\bach.n2mc.vcxproj", "{9D20EBFF-9C9B-478E-86B6-0CA450F80F6E}"
EndProject
Project("{8BC9CEB8-8B4A-11D0-8D11-00A0C91BC942}") = "bach.neq", "vs_projects\bach.neq.vcxproj", "{54AAB985-9EAB-4572-8C09-5F0358869AC0}"
EndProject
Project("{8BC9CEB8-8B4A-11D0-8D11-00A0C91BC942}") = "bach.nth", "vs_projects\bach.nth.vcxproj", "{E9864556-E481-465E-AE80-D4E054DA4666}"
EndProject
Project("{8BC9CEB8-8B4A-11D0-8D11-00A0C91BC942}") = "bach.omtree2bachtree", "vs_projects\bach.omtree2bachtree.vcxproj", "{28D262D0-8028-46AB-9097-1281E105107B}"
EndProject
Project("{8BC9CEB8-8B4A-11D0-8D11-00A0C91BC942}") = "bach.oneperm", "vs_projects\bach.oneperm.vcxproj", "{3CB7AE77-5BBA-4425-AB3D-2B49E278DE90}"
EndProject
Project("{8BC9CEB8-8B4A-11D0-8D11-00A0C91BC942}") = "bach.pack", "vs_projects\bach.pack.vcxproj", "{18298F03-242B-4469-B829-60EF54400A6F}"
EndProject
Project("{8BC9CEB8-8B4A-11D0-8D11-00A0C91BC942}") = "bach.perm", "vs_projects\bach.perm.vcxproj", "{A29FDAB9-F224-49EE-B27D-F1DEBD25342D}"
EndProject
Project("{8BC9CEB8-8B4A-11D0-8D11-00A0C91BC942}") = "bach.pick", "vs_projects\bach.pick.vcxproj", "{FACED65A-432D-4EF2-BB6A-00BD9FD66EAD}"
EndProject
Project("{8BC9CEB8-8B4A-11D0-8D11-00A0C91BC942}") = "bach.pipe", "vs_projects\bach.pipe.vcxproj", "{84FEC4CD-2092-4D7B-8114-75C9AC8B540A}"
EndProject
Project("{8BC9CEB8-8B4A-11D0-8D11-00A0C91BC942}") = "bach.portal", "vs_projects\bach.portal.vcxproj", "{01CD7C02-E114-4209-AEED-4A0A7EBEAA50}"
EndProject
Project("{8BC9CEB8-8B4A-11D0-8D11-00A0C91BC942}") = "bach.post", "vs_projects\bach.post.vcxproj", "{2D61C268-7B6E-45EE-ACFF-6C0D42964240}"
EndProject
Project("{8BC9CEB8-8B4A-11D0-8D11-00A0C91BC942}") = "bach.prime", "vs_projects\bach.prime.vcxproj", "{9A843639-5A9B-4353-BD9A-9A787608F00C}"
EndProject
Project("{8BC9CEB8-8B4A-11D0-8D11-00A0C91BC942}") = "bach.primeform", "vs_projects\bach.primeform.vcxproj", "{12A0A7B8-951B-420D-9DAF-3C3232591DE0}"
EndProject
Project("{8BC9CEB8-8B4A-11D0-8D11-00A0C91BC942}") = "bach.primeser", "vs_projects\bach.primeser.vcxproj", "{86717263-519B-418B-9102-101374EB2732}"
EndProject
Project("{8BC9CEB8-8B4A-11D0-8D11-00A0C91BC942}") = "bach.print", "vs_projects\bach.print.vcxproj", "{C6679D79-B6E5-49C8-852C-EE9C6C6746B3}"
EndProject
Project("{8BC9CEB8-8B4A-11D0-8D11-00A0C91BC942}") = "bach.pv", "vs_projects\bach.pv.vcxproj", "{2F298432-3D52-4682-9C41-7A51A47743CA}"
EndProject
Project("{8BC9CEB8-8B4A-11D0-8D11-00A0C91BC942}") = "bach.quantize", "vs_projects\bach.quantize.vcxproj", "{BE7C36B9-AD12-4D68-964A-0ABF3E048697}"
EndProject
Project("{8BC9CEB8-8B4A-11D0-8D11-00A0C91BC942}") = "bach.ratnum", "vs_projects\bach.ratnum.vcxproj", "{7022D40B-2DCE-4B57-A29B-32F2D972A0E0}"
EndProject
Project("{8BC9CEB8-8B4A-11D0-8D11-00A0C91BC942}") = "bach.read", "vs_projects\bach.read.vcxproj", "{4123ED37-8900-4A42-8657-D6643C9BEC41}"
EndProject
Project("{8BC9CEB8-8B4A-11D0-8D11-00A0C91BC942}") = "bach.reg", "vs_projects\bach.reg.vcxproj", "{7E8AE5CE-4AA1-4FE1-93C0-B72E4E1DCE85}"
EndProject
Project("{8BC9CEB8-8B4A-11D0-8D11-00A0C91BC942}") = "bach.reshape", "vs_projects\bach.reshape.vcxproj", "{BEBEC333-885D-42C0-8EBA-FE753DB936F8}"
EndProject
Project("{8BC9CEB8-8B4A-11D0-8D11-00A0C91BC942}") = "bach.rev", "vs_projects\bach.rev.vcxproj", "{5E7BDE79-CC60-4DEB-8B6F-EEB970BB3CAC}"
EndProject
Project("{8BC9CEB8-8B4A-11D0-8D11-00A0C91BC942}") = "bach.roll", "vs_projects\bach.roll.vcxproj", "{D7FEF53B-CD11-4F00-ADF0-A0AA3BEF386D}"
EndProject
Project("{8BC9CEB8-8B4A-11D0-8D11-00A0C91BC942}") = "bach.rot", "vs_projects\bach.rot.vcxproj", "{13262D78-470D-41FF-ACB2-86C76DD295AF}"
EndProject
Project("{8BC9CEB8-8B4A-11D0-8D11-00A0C91BC942}") = "bach.score", "vs_projects\bach.score.vcxproj", "{2C2F6F39-EDFF-4347-85CC-35C0A15D967D}"
EndProject
Project("{8BC9CEB8-8B4A-11D0-8D11-00A0C91BC942}") = "bach.scramble", "vs_projects\bach.scramble.vcxproj", "{38E5D9EA-C5CE-4635-8B83-7312D36B0162}"
EndProject
Project("{8BC9CEB8-8B4A-11D0-8D11-00A0C91BC942}") = "bach.shelf", "vs_projects\bach.shelf.vcxproj", "{2ECC7D2B-0DBE-4170-8F70-918BD3636AEF}"
EndProject
Project("{8BC9CEB8-8B4A-11D0-8D11-00A0C91BC942}") = "bach.slice", "vs_projects\bach.slice.vcxproj", "{14AE540E-EA7F-4D98-9E88-663E0B10C7AA}"
EndProject
Project("{8BC9CEB8-8B4A-11D0-8D11-00A0C91BC942}") = "bach.sort", "vs_projects\bach.sort.vcxproj", "{A24E3BAC-CAF7-4BFD-9A33-DD5C3BCDBFF8}"
EndProject
Project("{8BC9CEB8-8B4A-11D0-8D11-00A0C91BC942}") = "bach.ssort", "vs_projects\bach.ssort.vcxproj", "{EEB102F3-05A6-4174-9961-9DE27544ADC1}"
EndProject
Project("{8BC9CEB8-8B4A-11D0-8D11-00A0C91BC942}") = "bach.step", "vs_projects\bach.step.vcxproj", "{D8D2CDA4-4F6F-4DA5-BA48-914DBEA3E5F8}"
EndProject
Project("{8BC9CEB8-8B4A-11D0-8D11-00A0C91BC942}") = "bach.submatrix", "vs_projects\bach.submatrix.vcxproj", "{AD1AE94D-CA33-414C-8565-593CA0D43163}"
EndProject
Project("{8BC9CEB8-8B4A-11D0-8D11-00A0C91BC942}") = "bach.subs", "vs_projects\bach.subs.vcxproj", "{8D4D9BEB-2E6E-4E91-979A-9F1B2F4D52BF}"
EndProject
Project("{8BC9CEB8-8B4A-11D0-8D11-00A0C91BC942}") = "bach.symdiff", "vs_projects\bach.symdiff.vcxproj", "{F907445C-E221-4223-B1BD-A2203BEF0B7A}"
EndProject
Project("{8BC9CEB8-8B4A-11D0-8D11-00A0C91BC942}") = "bach.thin", "vs_projects\bach.thin.vcxproj", "{BE90F5CA-529F-4A4B-88D8-F6D16A6BBED4}"
EndProject
Project("{8BC9CEB8-8B4A-11D0-8D11-00A0C91BC942}") = "bach.trace", "vs_projects\bach.trace.vcxproj", "{627F671A-7A74-420A-84C9-88F5542C37D2}"
EndProject
Project("{8BC9CEB8-8B4A-11D0-8D11-00A0C91BC942}") = "bach.trans", "vs_projects\bach.trans.vcxproj", "{511F8B70-D56D-489A-8A15-24C45464BA6A}"
EndProject
Project("{8BC9CEB8-8B4A-11D0-8D11-00A0C91BC942}") = "bach.tree", "vs_projects\bach.tree.vcxproj", "{803A1A44-EAD2-4C20-9FC7-61EE18D3051B}"
EndProject
Project("{8BC9CEB8-8B4A-11D0-8D11-00A0C91BC942}") = "bach.slot", "vs_projects\bach.uislot.vcxproj", "{BA9E1F0B-35A5-40EA-930A-021E733A0704}"
EndProject
Project("{8BC9CEB8-8B4A-11D0-8D11-00A0C91BC942}") = "bach.union", "vs_projects\bach.union.vcxproj", "{B0F0744B-CFA7-4AA4-A524-382BAA3421BC}"
EndProject
Project("{8BC9CEB8-8B4A-11D0-8D11-00A0C91BC942}") = "bach.value", "vs_projects\bach.value.vcxproj", "{8C76FC18-4B81-4409-8EA7-51C8DAB25E69}"
EndProject
Project("{8BC9CEB8-8B4A-11D0-8D11-00A0C91BC942}") = "bach.wrap", "vs_projects\bach.wrap.vcxproj", "{81B0C96A-A600-4A5C-879C-61F6777D74BF}"
EndProject
Project("{8BC9CEB8-8B4A-11D0-8D11-00A0C91BC942}") = "bach.write", "vs_projects\bach.write.vcxproj", "{38CDC00F-8AB6-49B2-BCBF-75A3C05042A4}"
EndProject
Project("{8BC9CEB8-8B4A-11D0-8D11-00A0C91BC942}") = "bach.zsearch", "vs_projects\bach.zsearch.vcxproj", "{648EEEE6-D083-470C-9CC5-23A6802D1090}"
EndProject
Project("{8BC9CEB8-8B4A-11D0-8D11-00A0C91BC942}") = "bach.weights", "vs_projects\bach.weights.vcxproj", "{8FDF1069-2DC1-400D-8832-DA3FC8300627}"
EndProject
Project("{8BC9CEB8-8B4A-11D0-8D11-00A0C91BC942}") = "bach.tonnetz", "vs_projects\bach.tonnetz.vcxproj", "{483ABF0A-4BC4-47E2-9ADA-1CB031AB3BA3}"
EndProject
Project("{8BC9CEB8-8B4A-11D0-8D11-00A0C91BC942}") = "bach.float2rat", "vs_projects\bach.float2rat.vcxproj", "{2326BFC2-0EBE-43CE-A096-C58F7567CD0A}"
EndProject
Project("{8BC9CEB8-8B4A-11D0-8D11-00A0C91BC942}") = "bach.readsdif", "vs_projects\bach.readsdif.vcxproj", "{499F52B5-8B86-441B-BEBB-9164C221C1F7}"
EndProject
Project("{8BC9CEB8-8B4A-11D0-8D11-00A0C91BC942}") = "bach.writesdif", "vs_projects\bach.writesdif.vcxproj", "{8835AE56-942E-45BE-B2E5-8CDCA19B00CE}"
EndProject
Project("{8BC9CEB8-8B4A-11D0-8D11-00A0C91BC942}") = "bach.reducefunction", "vs_projects\bach.reducefunction.vcxproj", "{4471A3AD-1F32-43CC-96C9-904F5F29A812}"
EndProject
Project("{8BC9CEB8-8B4A-11D0-8D11-00A0C91BC942}") = "bach.integrate", "vs_projects\bach.integrate.vcxproj", "{F24E10C1-D9C3-4372-920F-AAEB18475AB1}"
EndProject
Project("{8BC9CEB8-8B4A-11D0-8D11-00A0C91BC942}") = "bach.derive", "vs_projects\bach.derive.vcxproj", "{F9E80CD1-5D90-4D1E-8A6B-2357C1783EE0}"
EndProject
Project("{8BC9CEB8-8B4A-11D0-8D11-00A0C91BC942}") = "bach.wordcloud", "vs_projects\bach.wordcloud.vcxproj", "{06832D37-7137-4001-8232-A9D8C91AC1AE}"
EndProject
Project("{8BC9CEB8-8B4A-11D0-8D11-00A0C91BC942}") = "bach.poset", "vs_projects\bach.poset.vcxproj", "{E0637240-9C14-460F-B579-2E0202E3A31F}"
EndProject
Project("{8BC9CEB8-8B4A-11D0-8D11-00A0C91BC942}") = "bach.mapelem", "vs_projects\bach.mapelem.vcxproj", "{78A8168F-7AA0-4199-9CD5-46DEAB1A18F7}"
EndProject
Project("{8BC9CEB8-8B4A-11D0-8D11-00A0C91BC942}") = "bach.dict2llll", "vs_projects\bach.dict2llll.vcxproj", "{CF99FCC9-FB3D-4652-ADDF-6574F11AF96B}"
EndProject
Project("{8BC9CEB8-8B4A-11D0-8D11-00A0C91BC942}") = "bach.swap", "vs_projects\bach.swap.vcxproj", "{1973C03E-F390-4F46-9AB3-AC1236615D1D}"
EndProject
Project("{8BC9CEB8-8B4A-11D0-8D11-00A0C91BC942}") = "bach.llll2dict", "vs_projects\bach.llll2dict.vcxproj", "{247C89FD-C09B-4207-AA22-5C0877A205E4}"
EndProject
Project("{8BC9CEB8-8B4A-11D0-8D11-00A0C91BC942}") = "bach.classify", "vs_projects\bach.classify.vcxproj", "{B436DA69-4638-49AF-8487-4E61ED803BD7}"
EndProject
Project("{8BC9CEB8-8B4A-11D0-8D11-00A0C91BC942}") = "bach.convertbase", "vs_projects\bach.convertbase.vcxproj", "{DE15639B-76CE-471C-B2AB-29CE551E1472}"
EndProject
Project("{8BC9CEB8-8B4A-11D0-8D11-00A0C91BC942}") = "bach.join", "vs_projects\bach.join.vcxproj", "{98A29483-B29A-4C5A-BB49-0E35DCE235A6}"
EndProject
Project("{8BC9CEB8-8B4A-11D0-8D11-00A0C91BC942}") = "bach.mc2p", "vs_projects\bach.mc2p.vcxproj", "{91F35605-7594-437D-B1BE-D687009D587A}"
EndProject
Project("{8BC9CEB8-8B4A-11D0-8D11-00A0C91BC942}") = "bach.p2mc", "vs_projects\bach.p2mc.vcxproj", "{2B4A8B3A-CAE0-43BA-995A-8F03D5BCBBC6}"
EndProject
Project("{8BC9CEB8-8B4A-11D0-8D11-00A0C91BC942}") = "bach.pad", "vs_projects\bach.pad.vcxproj", "{E6AA8C7F-36B4-4C5E-805D-FFCE0AAA6CC5}"
EndProject
Project("{8BC9CEB8-8B4A-11D0-8D11-00A0C91BC942}") = "bach.partition", "vs_projects\bach.partition.vcxproj", "{8878F6D8-6B18-4636-9657-493BC9FBC6FE}"
EndProject
Project("{8BC9CEB8-8B4A-11D0-8D11-00A0C91BC942}") = "bach.playkeys", "vs_projects\bach.playkeys.vcxproj", "{F2D58411-D733-47BE-ABC9-3A1BBE56ADCB}"
EndProject
Project("{8BC9CEB8-8B4A-11D0-8D11-00A0C91BC942}") = "bach.resample", "vs_projects\bach.resample.vcxproj", "{3DB46CAD-46B0-4CA9-9537-E8F4950897A6}"
EndProject
Project("{8BC9CEB8-8B4A-11D0-8D11-00A0C91BC942}") = "bach.textin", "vs_projects\bach.textin.vcxproj", "{37D1DA4F-D659-4AFD-ACE3-CB57EFF51592}"
EndProject
Project("{8BC9CEB8-8B4A-11D0-8D11-00A0C91BC942}") = "bach.textout", "vs_projects\bach.textout.vcxproj", "{20C93A9D-A321-4A6E-B9FA-960D20175658}"
EndProject
Project("{8BC9CEB8-8B4A-11D0-8D11-00A0C91BC942}") = "bach.transcribe", "vs_projects\bach.transcribe.vcxproj", "{A159B2CA-C83B-4DB7-BFDD-B991A2627840}"
EndProject
Global
	GlobalSection(SolutionConfigurationPlatforms) = preSolution
		Debug|Win32 = Debug|Win32
		Debug|x64 = Debug|x64
		Release|Win32 = Release|Win32
		Release|x64 = Release|x64
	EndGlobalSection
	GlobalSection(ProjectConfigurationPlatforms) = postSolution
		{D7D2B050-0FAC-4326-89AD-C82254541416}.Debug|Win32.ActiveCfg = Debug|Win32
		{D7D2B050-0FAC-4326-89AD-C82254541416}.Debug|Win32.Build.0 = Debug|Win32
		{D7D2B050-0FAC-4326-89AD-C82254541416}.Debug|x64.ActiveCfg = Debug|x64
		{D7D2B050-0FAC-4326-89AD-C82254541416}.Debug|x64.Build.0 = Debug|x64
		{D7D2B050-0FAC-4326-89AD-C82254541416}.Release|Win32.ActiveCfg = Release|Win32
		{D7D2B050-0FAC-4326-89AD-C82254541416}.Release|Win32.Build.0 = Release|Win32
		{D7D2B050-0FAC-4326-89AD-C82254541416}.Release|x64.ActiveCfg = Release|x64
		{D7D2B050-0FAC-4326-89AD-C82254541416}.Release|x64.Build.0 = Release|x64
		{DF55A42A-CBF8-4F3D-9BF4-E99E6219CD31}.Debug|Win32.ActiveCfg = Debug|Win32
		{DF55A42A-CBF8-4F3D-9BF4-E99E6219CD31}.Debug|Win32.Build.0 = Debug|Win32
		{DF55A42A-CBF8-4F3D-9BF4-E99E6219CD31}.Debug|x64.ActiveCfg = Debug|x64
		{DF55A42A-CBF8-4F3D-9BF4-E99E6219CD31}.Debug|x64.Build.0 = Debug|x64
		{DF55A42A-CBF8-4F3D-9BF4-E99E6219CD31}.Release|Win32.ActiveCfg = Release|Win32
		{DF55A42A-CBF8-4F3D-9BF4-E99E6219CD31}.Release|Win32.Build.0 = Release|Win32
		{DF55A42A-CBF8-4F3D-9BF4-E99E6219CD31}.Release|x64.ActiveCfg = Release|x64
		{DF55A42A-CBF8-4F3D-9BF4-E99E6219CD31}.Release|x64.Build.0 = Release|x64
		{134C07D6-AB52-4E79-BF87-0E8F22E02FB4}.Debug|Win32.ActiveCfg = Debug|Win32
		{134C07D6-AB52-4E79-BF87-0E8F22E02FB4}.Debug|Win32.Build.0 = Debug|Win32
		{134C07D6-AB52-4E79-BF87-0E8F22E02FB4}.Debug|x64.ActiveCfg = Debug|x64
		{134C07D6-AB52-4E79-BF87-0E8F22E02FB4}.Debug|x64.Build.0 = Debug|x64
		{134C07D6-AB52-4E79-BF87-0E8F22E02FB4}.Release|Win32.ActiveCfg = Release|Win32
		{134C07D6-AB52-4E79-BF87-0E8F22E02FB4}.Release|Win32.Build.0 = Release|Win32
		{134C07D6-AB52-4E79-BF87-0E8F22E02FB4}.Release|x64.ActiveCfg = Release|x64
		{134C07D6-AB52-4E79-BF87-0E8F22E02FB4}.Release|x64.Build.0 = Release|x64
		{BE9C9951-8080-4884-91F7-02CDB3A9CEAE}.Debug|Win32.ActiveCfg = Debug|Win32
		{BE9C9951-8080-4884-91F7-02CDB3A9CEAE}.Debug|Win32.Build.0 = Debug|Win32
		{BE9C9951-8080-4884-91F7-02CDB3A9CEAE}.Debug|x64.ActiveCfg = Debug|x64
		{BE9C9951-8080-4884-91F7-02CDB3A9CEAE}.Debug|x64.Build.0 = Debug|x64
		{BE9C9951-8080-4884-91F7-02CDB3A9CEAE}.Release|Win32.ActiveCfg = Release|Win32
		{BE9C9951-8080-4884-91F7-02CDB3A9CEAE}.Release|Win32.Build.0 = Release|Win32
		{BE9C9951-8080-4884-91F7-02CDB3A9CEAE}.Release|x64.ActiveCfg = Release|x64
		{BE9C9951-8080-4884-91F7-02CDB3A9CEAE}.Release|x64.Build.0 = Release|x64
		{BE355378-5F37-486A-983A-585274A3FD83}.Debug|Win32.ActiveCfg = Debug|Win32
		{BE355378-5F37-486A-983A-585274A3FD83}.Debug|Win32.Build.0 = Debug|Win32
		{BE355378-5F37-486A-983A-585274A3FD83}.Debug|x64.ActiveCfg = Debug|x64
		{BE355378-5F37-486A-983A-585274A3FD83}.Debug|x64.Build.0 = Debug|x64
		{BE355378-5F37-486A-983A-585274A3FD83}.Release|Win32.ActiveCfg = Release|Win32
		{BE355378-5F37-486A-983A-585274A3FD83}.Release|Win32.Build.0 = Release|Win32
		{BE355378-5F37-486A-983A-585274A3FD83}.Release|x64.ActiveCfg = Release|x64
		{BE355378-5F37-486A-983A-585274A3FD83}.Release|x64.Build.0 = Release|x64
		{601F8B73-314C-4B3D-922D-646794F012F8}.Debug|Win32.ActiveCfg = Debug|Win32
		{601F8B73-314C-4B3D-922D-646794F012F8}.Debug|Win32.Build.0 = Debug|Win32
		{601F8B73-314C-4B3D-922D-646794F012F8}.Debug|x64.ActiveCfg = Debug|x64
		{601F8B73-314C-4B3D-922D-646794F012F8}.Debug|x64.Build.0 = Debug|x64
		{601F8B73-314C-4B3D-922D-646794F012F8}.Release|Win32.ActiveCfg = Release|Win32
		{601F8B73-314C-4B3D-922D-646794F012F8}.Release|Win32.Build.0 = Release|Win32
		{601F8B73-314C-4B3D-922D-646794F012F8}.Release|x64.ActiveCfg = Release|x64
		{601F8B73-314C-4B3D-922D-646794F012F8}.Release|x64.Build.0 = Release|x64
		{30712ECF-BDFB-42E5-B8E7-16DC14603591}.Debug|Win32.ActiveCfg = Debug|Win32
		{30712ECF-BDFB-42E5-B8E7-16DC14603591}.Debug|Win32.Build.0 = Debug|Win32
		{30712ECF-BDFB-42E5-B8E7-16DC14603591}.Debug|x64.ActiveCfg = Debug|x64
		{30712ECF-BDFB-42E5-B8E7-16DC14603591}.Debug|x64.Build.0 = Debug|x64
		{30712ECF-BDFB-42E5-B8E7-16DC14603591}.Release|Win32.ActiveCfg = Release|Win32
		{30712ECF-BDFB-42E5-B8E7-16DC14603591}.Release|Win32.Build.0 = Release|Win32
		{30712ECF-BDFB-42E5-B8E7-16DC14603591}.Release|x64.ActiveCfg = Release|x64
		{30712ECF-BDFB-42E5-B8E7-16DC14603591}.Release|x64.Build.0 = Release|x64
		{0E1121AB-1943-4390-B8A4-25FC195C14E2}.Debug|Win32.ActiveCfg = Debug|Win32
		{0E1121AB-1943-4390-B8A4-25FC195C14E2}.Debug|Win32.Build.0 = Debug|Win32
		{0E1121AB-1943-4390-B8A4-25FC195C14E2}.Debug|x64.ActiveCfg = Debug|x64
		{0E1121AB-1943-4390-B8A4-25FC195C14E2}.Debug|x64.Build.0 = Debug|x64
		{0E1121AB-1943-4390-B8A4-25FC195C14E2}.Release|Win32.ActiveCfg = Release|Win32
		{0E1121AB-1943-4390-B8A4-25FC195C14E2}.Release|Win32.Build.0 = Release|Win32
		{0E1121AB-1943-4390-B8A4-25FC195C14E2}.Release|x64.ActiveCfg = Release|x64
		{0E1121AB-1943-4390-B8A4-25FC195C14E2}.Release|x64.Build.0 = Release|x64
		{AAECD518-B3D7-4E44-9444-13D5AE3C8056}.Debug|Win32.ActiveCfg = Debug|Win32
		{AAECD518-B3D7-4E44-9444-13D5AE3C8056}.Debug|Win32.Build.0 = Debug|Win32
		{AAECD518-B3D7-4E44-9444-13D5AE3C8056}.Debug|x64.ActiveCfg = Debug|x64
		{AAECD518-B3D7-4E44-9444-13D5AE3C8056}.Debug|x64.Build.0 = Debug|x64
		{AAECD518-B3D7-4E44-9444-13D5AE3C8056}.Release|Win32.ActiveCfg = Release|Win32
		{AAECD518-B3D7-4E44-9444-13D5AE3C8056}.Release|Win32.Build.0 = Release|Win32
		{AAECD518-B3D7-4E44-9444-13D5AE3C8056}.Release|x64.ActiveCfg = Release|x64
		{AAECD518-B3D7-4E44-9444-13D5AE3C8056}.Release|x64.Build.0 = Release|x64
		{BB9828D7-907C-40C7-B718-2106F9B76326}.Debug|Win32.ActiveCfg = Debug|Win32
		{BB9828D7-907C-40C7-B718-2106F9B76326}.Debug|Win32.Build.0 = Debug|Win32
		{BB9828D7-907C-40C7-B718-2106F9B76326}.Debug|x64.ActiveCfg = Debug|x64
		{BB9828D7-907C-40C7-B718-2106F9B76326}.Debug|x64.Build.0 = Debug|x64
		{BB9828D7-907C-40C7-B718-2106F9B76326}.Release|Win32.ActiveCfg = Release|Win32
		{BB9828D7-907C-40C7-B718-2106F9B76326}.Release|Win32.Build.0 = Release|Win32
		{BB9828D7-907C-40C7-B718-2106F9B76326}.Release|x64.ActiveCfg = Release|x64
		{BB9828D7-907C-40C7-B718-2106F9B76326}.Release|x64.Build.0 = Release|x64
		{D9102141-D318-43F4-8B51-6541BF187942}.Debug|Win32.ActiveCfg = Debug|Win32
		{D9102141-D318-43F4-8B51-6541BF187942}.Debug|Win32.Build.0 = Debug|Win32
		{D9102141-D318-43F4-8B51-6541BF187942}.Debug|x64.ActiveCfg = Debug|x64
		{D9102141-D318-43F4-8B51-6541BF187942}.Debug|x64.Build.0 = Debug|x64
		{D9102141-D318-43F4-8B51-6541BF187942}.Release|Win32.ActiveCfg = Release|Win32
		{D9102141-D318-43F4-8B51-6541BF187942}.Release|Win32.Build.0 = Release|Win32
		{D9102141-D318-43F4-8B51-6541BF187942}.Release|x64.ActiveCfg = Release|x64
		{D9102141-D318-43F4-8B51-6541BF187942}.Release|x64.Build.0 = Release|x64
		{A581ACC7-998D-40A4-BD9D-6D5CCAD0CEB4}.Debug|Win32.ActiveCfg = Debug|Win32
		{A581ACC7-998D-40A4-BD9D-6D5CCAD0CEB4}.Debug|Win32.Build.0 = Debug|Win32
		{A581ACC7-998D-40A4-BD9D-6D5CCAD0CEB4}.Debug|x64.ActiveCfg = Debug|x64
		{A581ACC7-998D-40A4-BD9D-6D5CCAD0CEB4}.Debug|x64.Build.0 = Debug|x64
		{A581ACC7-998D-40A4-BD9D-6D5CCAD0CEB4}.Release|Win32.ActiveCfg = Release|Win32
		{A581ACC7-998D-40A4-BD9D-6D5CCAD0CEB4}.Release|Win32.Build.0 = Release|Win32
		{A581ACC7-998D-40A4-BD9D-6D5CCAD0CEB4}.Release|x64.ActiveCfg = Release|x64
		{A581ACC7-998D-40A4-BD9D-6D5CCAD0CEB4}.Release|x64.Build.0 = Release|x64
		{BDDCB4D1-17B6-4003-929D-87C08F332B64}.Debug|Win32.ActiveCfg = Debug|Win32
		{BDDCB4D1-17B6-4003-929D-87C08F332B64}.Debug|Win32.Build.0 = Debug|Win32
		{BDDCB4D1-17B6-4003-929D-87C08F332B64}.Debug|x64.ActiveCfg = Debug|x64
		{BDDCB4D1-17B6-4003-929D-87C08F332B64}.Debug|x64.Build.0 = Debug|x64
		{BDDCB4D1-17B6-4003-929D-87C08F332B64}.Release|Win32.ActiveCfg = Release|Win32
		{BDDCB4D1-17B6-4003-929D-87C08F332B64}.Release|Win32.Build.0 = Release|Win32
		{BDDCB4D1-17B6-4003-929D-87C08F332B64}.Release|x64.ActiveCfg = Release|x64
		{BDDCB4D1-17B6-4003-929D-87C08F332B64}.Release|x64.Build.0 = Release|x64
		{81FE627A-7C3D-46BE-B6FE-708E1B85F556}.Debug|Win32.ActiveCfg = Debug|Win32
		{81FE627A-7C3D-46BE-B6FE-708E1B85F556}.Debug|Win32.Build.0 = Debug|Win32
		{81FE627A-7C3D-46BE-B6FE-708E1B85F556}.Debug|x64.ActiveCfg = Debug|x64
		{81FE627A-7C3D-46BE-B6FE-708E1B85F556}.Debug|x64.Build.0 = Debug|x64
		{81FE627A-7C3D-46BE-B6FE-708E1B85F556}.Release|Win32.ActiveCfg = Release|Win32
		{81FE627A-7C3D-46BE-B6FE-708E1B85F556}.Release|Win32.Build.0 = Release|Win32
		{81FE627A-7C3D-46BE-B6FE-708E1B85F556}.Release|x64.ActiveCfg = Release|x64
		{81FE627A-7C3D-46BE-B6FE-708E1B85F556}.Release|x64.Build.0 = Release|x64
		{1E381501-39D8-4910-80FD-DF6FEB277E63}.Debug|Win32.ActiveCfg = Debug|Win32
		{1E381501-39D8-4910-80FD-DF6FEB277E63}.Debug|Win32.Build.0 = Debug|Win32
		{1E381501-39D8-4910-80FD-DF6FEB277E63}.Debug|x64.ActiveCfg = Debug|x64
		{1E381501-39D8-4910-80FD-DF6FEB277E63}.Debug|x64.Build.0 = Debug|x64
		{1E381501-39D8-4910-80FD-DF6FEB277E63}.Release|Win32.ActiveCfg = Release|Win32
		{1E381501-39D8-4910-80FD-DF6FEB277E63}.Release|Win32.Build.0 = Release|Win32
		{1E381501-39D8-4910-80FD-DF6FEB277E63}.Release|x64.ActiveCfg = Release|x64
		{1E381501-39D8-4910-80FD-DF6FEB277E63}.Release|x64.Build.0 = Release|x64
		{12248097-EE75-4935-98C5-DF3FB5896C1F}.Debug|Win32.ActiveCfg = Debug|Win32
		{12248097-EE75-4935-98C5-DF3FB5896C1F}.Debug|Win32.Build.0 = Debug|Win32
		{12248097-EE75-4935-98C5-DF3FB5896C1F}.Debug|x64.ActiveCfg = Debug|x64
		{12248097-EE75-4935-98C5-DF3FB5896C1F}.Debug|x64.Build.0 = Debug|x64
		{12248097-EE75-4935-98C5-DF3FB5896C1F}.Release|Win32.ActiveCfg = Release|Win32
		{12248097-EE75-4935-98C5-DF3FB5896C1F}.Release|Win32.Build.0 = Release|Win32
		{12248097-EE75-4935-98C5-DF3FB5896C1F}.Release|x64.ActiveCfg = Release|x64
		{12248097-EE75-4935-98C5-DF3FB5896C1F}.Release|x64.Build.0 = Release|x64
		{B0043D5D-D402-4EFC-BBE0-B284CEDEBAB3}.Debug|Win32.ActiveCfg = Debug|Win32
		{B0043D5D-D402-4EFC-BBE0-B284CEDEBAB3}.Debug|Win32.Build.0 = Debug|Win32
		{B0043D5D-D402-4EFC-BBE0-B284CEDEBAB3}.Debug|x64.ActiveCfg = Debug|x64
		{B0043D5D-D402-4EFC-BBE0-B284CEDEBAB3}.Debug|x64.Build.0 = Debug|x64
		{B0043D5D-D402-4EFC-BBE0-B284CEDEBAB3}.Release|Win32.ActiveCfg = Release|Win32
		{B0043D5D-D402-4EFC-BBE0-B284CEDEBAB3}.Release|Win32.Build.0 = Release|Win32
		{B0043D5D-D402-4EFC-BBE0-B284CEDEBAB3}.Release|x64.ActiveCfg = Release|x64
		{B0043D5D-D402-4EFC-BBE0-B284CEDEBAB3}.Release|x64.Build.0 = Release|x64
		{31CEBEF6-9BF7-4881-8454-576BC9C140F6}.Debug|Win32.ActiveCfg = Debug|Win32
		{31CEBEF6-9BF7-4881-8454-576BC9C140F6}.Debug|Win32.Build.0 = Debug|Win32
		{31CEBEF6-9BF7-4881-8454-576BC9C140F6}.Debug|x64.ActiveCfg = Debug|x64
		{31CEBEF6-9BF7-4881-8454-576BC9C140F6}.Debug|x64.Build.0 = Debug|x64
		{31CEBEF6-9BF7-4881-8454-576BC9C140F6}.Release|Win32.ActiveCfg = Release|Win32
		{31CEBEF6-9BF7-4881-8454-576BC9C140F6}.Release|Win32.Build.0 = Release|Win32
		{31CEBEF6-9BF7-4881-8454-576BC9C140F6}.Release|x64.ActiveCfg = Release|x64
		{31CEBEF6-9BF7-4881-8454-576BC9C140F6}.Release|x64.Build.0 = Release|x64
		{D4D0143B-7E1D-48B5-AED5-0BB5981E0440}.Debug|Win32.ActiveCfg = Debug|Win32
		{D4D0143B-7E1D-48B5-AED5-0BB5981E0440}.Debug|Win32.Build.0 = Debug|Win32
		{D4D0143B-7E1D-48B5-AED5-0BB5981E0440}.Debug|x64.ActiveCfg = Debug|x64
		{D4D0143B-7E1D-48B5-AED5-0BB5981E0440}.Debug|x64.Build.0 = Debug|x64
		{D4D0143B-7E1D-48B5-AED5-0BB5981E0440}.Release|Win32.ActiveCfg = Release|Win32
		{D4D0143B-7E1D-48B5-AED5-0BB5981E0440}.Release|Win32.Build.0 = Release|Win32
		{D4D0143B-7E1D-48B5-AED5-0BB5981E0440}.Release|x64.ActiveCfg = Release|x64
		{D4D0143B-7E1D-48B5-AED5-0BB5981E0440}.Release|x64.Build.0 = Release|x64
		{497EA65C-E13A-41D2-A72F-C5D60F80EC5B}.Debug|Win32.ActiveCfg = Debug|Win32
		{497EA65C-E13A-41D2-A72F-C5D60F80EC5B}.Debug|Win32.Build.0 = Debug|Win32
		{497EA65C-E13A-41D2-A72F-C5D60F80EC5B}.Debug|x64.ActiveCfg = Debug|x64
		{497EA65C-E13A-41D2-A72F-C5D60F80EC5B}.Debug|x64.Build.0 = Debug|x64
		{497EA65C-E13A-41D2-A72F-C5D60F80EC5B}.Release|Win32.ActiveCfg = Release|Win32
		{497EA65C-E13A-41D2-A72F-C5D60F80EC5B}.Release|Win32.Build.0 = Release|Win32
		{497EA65C-E13A-41D2-A72F-C5D60F80EC5B}.Release|x64.ActiveCfg = Release|x64
		{497EA65C-E13A-41D2-A72F-C5D60F80EC5B}.Release|x64.Build.0 = Release|x64
		{BF39792F-905B-4A88-A37D-1612A08E17E7}.Debug|Win32.ActiveCfg = Debug|Win32
		{BF39792F-905B-4A88-A37D-1612A08E17E7}.Debug|Win32.Build.0 = Debug|Win32
		{BF39792F-905B-4A88-A37D-1612A08E17E7}.Debug|x64.ActiveCfg = Debug|x64
		{BF39792F-905B-4A88-A37D-1612A08E17E7}.Debug|x64.Build.0 = Debug|x64
		{BF39792F-905B-4A88-A37D-1612A08E17E7}.Release|Win32.ActiveCfg = Release|Win32
		{BF39792F-905B-4A88-A37D-1612A08E17E7}.Release|Win32.Build.0 = Release|Win32
		{BF39792F-905B-4A88-A37D-1612A08E17E7}.Release|x64.ActiveCfg = Release|x64
		{BF39792F-905B-4A88-A37D-1612A08E17E7}.Release|x64.Build.0 = Release|x64
		{E8E006C6-4A8D-42DF-8EB0-4C2C4F2F09B6}.Debug|Win32.ActiveCfg = Debug|Win32
		{E8E006C6-4A8D-42DF-8EB0-4C2C4F2F09B6}.Debug|Win32.Build.0 = Debug|Win32
		{E8E006C6-4A8D-42DF-8EB0-4C2C4F2F09B6}.Debug|x64.ActiveCfg = Debug|x64
		{E8E006C6-4A8D-42DF-8EB0-4C2C4F2F09B6}.Debug|x64.Build.0 = Debug|x64
		{E8E006C6-4A8D-42DF-8EB0-4C2C4F2F09B6}.Release|Win32.ActiveCfg = Release|Win32
		{E8E006C6-4A8D-42DF-8EB0-4C2C4F2F09B6}.Release|Win32.Build.0 = Release|Win32
		{E8E006C6-4A8D-42DF-8EB0-4C2C4F2F09B6}.Release|x64.ActiveCfg = Release|x64
		{E8E006C6-4A8D-42DF-8EB0-4C2C4F2F09B6}.Release|x64.Build.0 = Release|x64
		{A72FFD77-86F9-4668-BCD7-DCCC6E280C80}.Debug|Win32.ActiveCfg = Debug|Win32
		{A72FFD77-86F9-4668-BCD7-DCCC6E280C80}.Debug|Win32.Build.0 = Debug|Win32
		{A72FFD77-86F9-4668-BCD7-DCCC6E280C80}.Debug|x64.ActiveCfg = Debug|x64
		{A72FFD77-86F9-4668-BCD7-DCCC6E280C80}.Debug|x64.Build.0 = Debug|x64
		{A72FFD77-86F9-4668-BCD7-DCCC6E280C80}.Release|Win32.ActiveCfg = Release|Win32
		{A72FFD77-86F9-4668-BCD7-DCCC6E280C80}.Release|Win32.Build.0 = Release|Win32
		{A72FFD77-86F9-4668-BCD7-DCCC6E280C80}.Release|x64.ActiveCfg = Release|x64
		{A72FFD77-86F9-4668-BCD7-DCCC6E280C80}.Release|x64.Build.0 = Release|x64
		{22A01036-D930-4501-8578-B12DAEEA4B7D}.Debug|Win32.ActiveCfg = Debug|Win32
		{22A01036-D930-4501-8578-B12DAEEA4B7D}.Debug|Win32.Build.0 = Debug|Win32
		{22A01036-D930-4501-8578-B12DAEEA4B7D}.Debug|x64.ActiveCfg = Debug|x64
		{22A01036-D930-4501-8578-B12DAEEA4B7D}.Debug|x64.Build.0 = Debug|x64
		{22A01036-D930-4501-8578-B12DAEEA4B7D}.Release|Win32.ActiveCfg = Release|Win32
		{22A01036-D930-4501-8578-B12DAEEA4B7D}.Release|Win32.Build.0 = Release|Win32
		{22A01036-D930-4501-8578-B12DAEEA4B7D}.Release|x64.ActiveCfg = Release|x64
		{22A01036-D930-4501-8578-B12DAEEA4B7D}.Release|x64.Build.0 = Release|x64
		{C61CC5D2-F254-4F26-B9D3-E1C5A80004F8}.Debug|Win32.ActiveCfg = Debug|Win32
		{C61CC5D2-F254-4F26-B9D3-E1C5A80004F8}.Debug|Win32.Build.0 = Debug|Win32
		{C61CC5D2-F254-4F26-B9D3-E1C5A80004F8}.Debug|x64.ActiveCfg = Debug|x64
		{C61CC5D2-F254-4F26-B9D3-E1C5A80004F8}.Debug|x64.Build.0 = Debug|x64
		{C61CC5D2-F254-4F26-B9D3-E1C5A80004F8}.Release|Win32.ActiveCfg = Release|Win32
		{C61CC5D2-F254-4F26-B9D3-E1C5A80004F8}.Release|Win32.Build.0 = Release|Win32
		{C61CC5D2-F254-4F26-B9D3-E1C5A80004F8}.Release|x64.ActiveCfg = Release|x64
		{C61CC5D2-F254-4F26-B9D3-E1C5A80004F8}.Release|x64.Build.0 = Release|x64
		{630EAD6B-34E5-4A09-B29E-164AE0EC2862}.Debug|Win32.ActiveCfg = Debug|Win32
		{630EAD6B-34E5-4A09-B29E-164AE0EC2862}.Debug|Win32.Build.0 = Debug|Win32
		{630EAD6B-34E5-4A09-B29E-164AE0EC2862}.Debug|x64.ActiveCfg = Debug|x64
		{630EAD6B-34E5-4A09-B29E-164AE0EC2862}.Debug|x64.Build.0 = Debug|x64
		{630EAD6B-34E5-4A09-B29E-164AE0EC2862}.Release|Win32.ActiveCfg = Release|Win32
		{630EAD6B-34E5-4A09-B29E-164AE0EC2862}.Release|Win32.Build.0 = Release|Win32
		{630EAD6B-34E5-4A09-B29E-164AE0EC2862}.Release|x64.ActiveCfg = Release|x64
		{630EAD6B-34E5-4A09-B29E-164AE0EC2862}.Release|x64.Build.0 = Release|x64
		{8A71E44E-AE7F-4C64-8EF4-F27A7B798322}.Debug|Win32.ActiveCfg = Debug|Win32
		{8A71E44E-AE7F-4C64-8EF4-F27A7B798322}.Debug|Win32.Build.0 = Debug|Win32
		{8A71E44E-AE7F-4C64-8EF4-F27A7B798322}.Debug|x64.ActiveCfg = Debug|x64
		{8A71E44E-AE7F-4C64-8EF4-F27A7B798322}.Debug|x64.Build.0 = Debug|x64
		{8A71E44E-AE7F-4C64-8EF4-F27A7B798322}.Release|Win32.ActiveCfg = Release|Win32
		{8A71E44E-AE7F-4C64-8EF4-F27A7B798322}.Release|Win32.Build.0 = Release|Win32
		{8A71E44E-AE7F-4C64-8EF4-F27A7B798322}.Release|x64.ActiveCfg = Release|x64
		{8A71E44E-AE7F-4C64-8EF4-F27A7B798322}.Release|x64.Build.0 = Release|x64
		{DF42B050-BC81-4127-8150-60B691C7E7F7}.Debug|Win32.ActiveCfg = Debug|Win32
		{DF42B050-BC81-4127-8150-60B691C7E7F7}.Debug|Win32.Build.0 = Debug|Win32
		{DF42B050-BC81-4127-8150-60B691C7E7F7}.Debug|x64.ActiveCfg = Debug|x64
		{DF42B050-BC81-4127-8150-60B691C7E7F7}.Debug|x64.Build.0 = Debug|x64
		{DF42B050-BC81-4127-8150-60B691C7E7F7}.Release|Win32.ActiveCfg = Release|Win32
		{DF42B050-BC81-4127-8150-60B691C7E7F7}.Release|Win32.Build.0 = Release|Win32
		{DF42B050-BC81-4127-8150-60B691C7E7F7}.Release|x64.ActiveCfg = Release|x64
		{DF42B050-BC81-4127-8150-60B691C7E7F7}.Release|x64.Build.0 = Release|x64
		{591DFD9E-5B07-4B9B-8FB0-F925C4981B82}.Debug|Win32.ActiveCfg = Debug|Win32
		{591DFD9E-5B07-4B9B-8FB0-F925C4981B82}.Debug|Win32.Build.0 = Debug|Win32
		{591DFD9E-5B07-4B9B-8FB0-F925C4981B82}.Debug|x64.ActiveCfg = Debug|x64
		{591DFD9E-5B07-4B9B-8FB0-F925C4981B82}.Debug|x64.Build.0 = Debug|x64
		{591DFD9E-5B07-4B9B-8FB0-F925C4981B82}.Release|Win32.ActiveCfg = Release|Win32
		{591DFD9E-5B07-4B9B-8FB0-F925C4981B82}.Release|Win32.Build.0 = Release|Win32
		{591DFD9E-5B07-4B9B-8FB0-F925C4981B82}.Release|x64.ActiveCfg = Release|x64
		{591DFD9E-5B07-4B9B-8FB0-F925C4981B82}.Release|x64.Build.0 = Release|x64
		{D61E775B-585A-4220-854B-471AF0B7EA1D}.Debug|Win32.ActiveCfg = Debug|Win32
		{D61E775B-585A-4220-854B-471AF0B7EA1D}.Debug|Win32.Build.0 = Debug|Win32
		{D61E775B-585A-4220-854B-471AF0B7EA1D}.Debug|x64.ActiveCfg = Debug|x64
		{D61E775B-585A-4220-854B-471AF0B7EA1D}.Debug|x64.Build.0 = Debug|x64
		{D61E775B-585A-4220-854B-471AF0B7EA1D}.Release|Win32.ActiveCfg = Release|Win32
		{D61E775B-585A-4220-854B-471AF0B7EA1D}.Release|Win32.Build.0 = Release|Win32
		{D61E775B-585A-4220-854B-471AF0B7EA1D}.Release|x64.ActiveCfg = Release|x64
		{D61E775B-585A-4220-854B-471AF0B7EA1D}.Release|x64.Build.0 = Release|x64
		{B8C945D9-87D0-4BC0-AA4B-2A159DCCBAE9}.Debug|Win32.ActiveCfg = Debug|Win32
		{B8C945D9-87D0-4BC0-AA4B-2A159DCCBAE9}.Debug|Win32.Build.0 = Debug|Win32
		{B8C945D9-87D0-4BC0-AA4B-2A159DCCBAE9}.Debug|x64.ActiveCfg = Debug|x64
		{B8C945D9-87D0-4BC0-AA4B-2A159DCCBAE9}.Debug|x64.Build.0 = Debug|x64
		{B8C945D9-87D0-4BC0-AA4B-2A159DCCBAE9}.Release|Win32.ActiveCfg = Release|Win32
		{B8C945D9-87D0-4BC0-AA4B-2A159DCCBAE9}.Release|Win32.Build.0 = Release|Win32
		{B8C945D9-87D0-4BC0-AA4B-2A159DCCBAE9}.Release|x64.ActiveCfg = Release|x64
		{B8C945D9-87D0-4BC0-AA4B-2A159DCCBAE9}.Release|x64.Build.0 = Release|x64
		{77BA8D9F-57BD-4BBC-BEC9-8753858882EB}.Debug|Win32.ActiveCfg = Debug|Win32
		{77BA8D9F-57BD-4BBC-BEC9-8753858882EB}.Debug|Win32.Build.0 = Debug|Win32
		{77BA8D9F-57BD-4BBC-BEC9-8753858882EB}.Debug|x64.ActiveCfg = Debug|x64
		{77BA8D9F-57BD-4BBC-BEC9-8753858882EB}.Debug|x64.Build.0 = Debug|x64
		{77BA8D9F-57BD-4BBC-BEC9-8753858882EB}.Release|Win32.ActiveCfg = Release|Win32
		{77BA8D9F-57BD-4BBC-BEC9-8753858882EB}.Release|Win32.Build.0 = Release|Win32
		{77BA8D9F-57BD-4BBC-BEC9-8753858882EB}.Release|x64.ActiveCfg = Release|x64
		{77BA8D9F-57BD-4BBC-BEC9-8753858882EB}.Release|x64.Build.0 = Release|x64
		{B0320572-2D95-427D-861A-8B3E9F86B61A}.Debug|Win32.ActiveCfg = Debug|Win32
		{B0320572-2D95-427D-861A-8B3E9F86B61A}.Debug|Win32.Build.0 = Debug|Win32
		{B0320572-2D95-427D-861A-8B3E9F86B61A}.Debug|x64.ActiveCfg = Debug|x64
		{B0320572-2D95-427D-861A-8B3E9F86B61A}.Debug|x64.Build.0 = Debug|x64
		{B0320572-2D95-427D-861A-8B3E9F86B61A}.Release|Win32.ActiveCfg = Release|Win32
		{B0320572-2D95-427D-861A-8B3E9F86B61A}.Release|Win32.Build.0 = Release|Win32
		{B0320572-2D95-427D-861A-8B3E9F86B61A}.Release|x64.ActiveCfg = Release|x64
		{B0320572-2D95-427D-861A-8B3E9F86B61A}.Release|x64.Build.0 = Release|x64
		{5CF46B04-42D3-4248-B7A4-D406CE0FDD55}.Debug|Win32.ActiveCfg = Debug|Win32
		{5CF46B04-42D3-4248-B7A4-D406CE0FDD55}.Debug|Win32.Build.0 = Debug|Win32
		{5CF46B04-42D3-4248-B7A4-D406CE0FDD55}.Debug|x64.ActiveCfg = Debug|x64
		{5CF46B04-42D3-4248-B7A4-D406CE0FDD55}.Debug|x64.Build.0 = Debug|x64
		{5CF46B04-42D3-4248-B7A4-D406CE0FDD55}.Release|Win32.ActiveCfg = Release|Win32
		{5CF46B04-42D3-4248-B7A4-D406CE0FDD55}.Release|Win32.Build.0 = Release|Win32
		{5CF46B04-42D3-4248-B7A4-D406CE0FDD55}.Release|x64.ActiveCfg = Release|x64
		{5CF46B04-42D3-4248-B7A4-D406CE0FDD55}.Release|x64.Build.0 = Release|x64
		{8125DE51-4CE6-4B30-AE33-10128FFEF0CD}.Debug|Win32.ActiveCfg = Debug|Win32
		{8125DE51-4CE6-4B30-AE33-10128FFEF0CD}.Debug|Win32.Build.0 = Debug|Win32
		{8125DE51-4CE6-4B30-AE33-10128FFEF0CD}.Debug|x64.ActiveCfg = Debug|x64
		{8125DE51-4CE6-4B30-AE33-10128FFEF0CD}.Debug|x64.Build.0 = Debug|x64
		{8125DE51-4CE6-4B30-AE33-10128FFEF0CD}.Release|Win32.ActiveCfg = Release|Win32
		{8125DE51-4CE6-4B30-AE33-10128FFEF0CD}.Release|Win32.Build.0 = Release|Win32
		{8125DE51-4CE6-4B30-AE33-10128FFEF0CD}.Release|x64.ActiveCfg = Release|x64
		{8125DE51-4CE6-4B30-AE33-10128FFEF0CD}.Release|x64.Build.0 = Release|x64
		{2CE51747-F9D8-42F2-AB97-07CD4D973534}.Debug|Win32.ActiveCfg = Debug|Win32
		{2CE51747-F9D8-42F2-AB97-07CD4D973534}.Debug|Win32.Build.0 = Debug|Win32
		{2CE51747-F9D8-42F2-AB97-07CD4D973534}.Debug|x64.ActiveCfg = Debug|x64
		{2CE51747-F9D8-42F2-AB97-07CD4D973534}.Debug|x64.Build.0 = Debug|x64
		{2CE51747-F9D8-42F2-AB97-07CD4D973534}.Release|Win32.ActiveCfg = Release|Win32
		{2CE51747-F9D8-42F2-AB97-07CD4D973534}.Release|Win32.Build.0 = Release|Win32
		{2CE51747-F9D8-42F2-AB97-07CD4D973534}.Release|x64.ActiveCfg = Release|x64
		{2CE51747-F9D8-42F2-AB97-07CD4D973534}.Release|x64.Build.0 = Release|x64
		{A76178DA-59BC-4BE7-B1F1-E4E55676FC58}.Debug|Win32.ActiveCfg = Debug|Win32
		{A76178DA-59BC-4BE7-B1F1-E4E55676FC58}.Debug|Win32.Build.0 = Debug|Win32
		{A76178DA-59BC-4BE7-B1F1-E4E55676FC58}.Debug|x64.ActiveCfg = Debug|x64
		{A76178DA-59BC-4BE7-B1F1-E4E55676FC58}.Debug|x64.Build.0 = Debug|x64
		{A76178DA-59BC-4BE7-B1F1-E4E55676FC58}.Release|Win32.ActiveCfg = Release|Win32
		{A76178DA-59BC-4BE7-B1F1-E4E55676FC58}.Release|Win32.Build.0 = Release|Win32
		{A76178DA-59BC-4BE7-B1F1-E4E55676FC58}.Release|x64.ActiveCfg = Release|x64
		{A76178DA-59BC-4BE7-B1F1-E4E55676FC58}.Release|x64.Build.0 = Release|x64
		{D314DCC0-A584-4751-99F9-DBC081F40E5E}.Debug|Win32.ActiveCfg = Debug|Win32
		{D314DCC0-A584-4751-99F9-DBC081F40E5E}.Debug|Win32.Build.0 = Debug|Win32
		{D314DCC0-A584-4751-99F9-DBC081F40E5E}.Debug|x64.ActiveCfg = Debug|x64
		{D314DCC0-A584-4751-99F9-DBC081F40E5E}.Debug|x64.Build.0 = Debug|x64
		{D314DCC0-A584-4751-99F9-DBC081F40E5E}.Release|Win32.ActiveCfg = Release|Win32
		{D314DCC0-A584-4751-99F9-DBC081F40E5E}.Release|Win32.Build.0 = Release|Win32
		{D314DCC0-A584-4751-99F9-DBC081F40E5E}.Release|x64.ActiveCfg = Release|x64
		{D314DCC0-A584-4751-99F9-DBC081F40E5E}.Release|x64.Build.0 = Release|x64
		{C64E2C86-A0B0-4348-91CF-0340962E6089}.Debug|Win32.ActiveCfg = Debug|Win32
		{C64E2C86-A0B0-4348-91CF-0340962E6089}.Debug|Win32.Build.0 = Debug|Win32
		{C64E2C86-A0B0-4348-91CF-0340962E6089}.Debug|x64.ActiveCfg = Debug|x64
		{C64E2C86-A0B0-4348-91CF-0340962E6089}.Debug|x64.Build.0 = Debug|x64
		{C64E2C86-A0B0-4348-91CF-0340962E6089}.Release|Win32.ActiveCfg = Release|Win32
		{C64E2C86-A0B0-4348-91CF-0340962E6089}.Release|Win32.Build.0 = Release|Win32
		{C64E2C86-A0B0-4348-91CF-0340962E6089}.Release|x64.ActiveCfg = Release|x64
		{C64E2C86-A0B0-4348-91CF-0340962E6089}.Release|x64.Build.0 = Release|x64
		{C36D7816-5C4C-4EDA-95C7-E3EACE6AABD2}.Debug|Win32.ActiveCfg = Debug|Win32
		{C36D7816-5C4C-4EDA-95C7-E3EACE6AABD2}.Debug|Win32.Build.0 = Debug|Win32
		{C36D7816-5C4C-4EDA-95C7-E3EACE6AABD2}.Debug|x64.ActiveCfg = Debug|x64
		{C36D7816-5C4C-4EDA-95C7-E3EACE6AABD2}.Debug|x64.Build.0 = Debug|x64
		{C36D7816-5C4C-4EDA-95C7-E3EACE6AABD2}.Release|Win32.ActiveCfg = Release|Win32
		{C36D7816-5C4C-4EDA-95C7-E3EACE6AABD2}.Release|Win32.Build.0 = Release|Win32
		{C36D7816-5C4C-4EDA-95C7-E3EACE6AABD2}.Release|x64.ActiveCfg = Release|x64
		{C36D7816-5C4C-4EDA-95C7-E3EACE6AABD2}.Release|x64.Build.0 = Release|x64
		{95EC26A5-9172-465C-8673-CA133CF405FE}.Debug|Win32.ActiveCfg = Debug|Win32
		{95EC26A5-9172-465C-8673-CA133CF405FE}.Debug|Win32.Build.0 = Debug|Win32
		{95EC26A5-9172-465C-8673-CA133CF405FE}.Debug|x64.ActiveCfg = Debug|x64
		{95EC26A5-9172-465C-8673-CA133CF405FE}.Debug|x64.Build.0 = Debug|x64
		{95EC26A5-9172-465C-8673-CA133CF405FE}.Release|Win32.ActiveCfg = Release|Win32
		{95EC26A5-9172-465C-8673-CA133CF405FE}.Release|Win32.Build.0 = Release|Win32
		{95EC26A5-9172-465C-8673-CA133CF405FE}.Release|x64.ActiveCfg = Release|x64
		{95EC26A5-9172-465C-8673-CA133CF405FE}.Release|x64.Build.0 = Release|x64
		{4F8451EE-F8BC-4A06-8EC5-E460EF1BEA34}.Debug|Win32.ActiveCfg = Debug|Win32
		{4F8451EE-F8BC-4A06-8EC5-E460EF1BEA34}.Debug|Win32.Build.0 = Debug|Win32
		{4F8451EE-F8BC-4A06-8EC5-E460EF1BEA34}.Debug|x64.ActiveCfg = Debug|x64
		{4F8451EE-F8BC-4A06-8EC5-E460EF1BEA34}.Debug|x64.Build.0 = Debug|x64
		{4F8451EE-F8BC-4A06-8EC5-E460EF1BEA34}.Release|Win32.ActiveCfg = Release|Win32
		{4F8451EE-F8BC-4A06-8EC5-E460EF1BEA34}.Release|Win32.Build.0 = Release|Win32
		{4F8451EE-F8BC-4A06-8EC5-E460EF1BEA34}.Release|x64.ActiveCfg = Release|x64
		{4F8451EE-F8BC-4A06-8EC5-E460EF1BEA34}.Release|x64.Build.0 = Release|x64
		{42BFFBA3-F45A-452B-934C-598665DE7BA9}.Debug|Win32.ActiveCfg = Debug|Win32
		{42BFFBA3-F45A-452B-934C-598665DE7BA9}.Debug|Win32.Build.0 = Debug|Win32
		{42BFFBA3-F45A-452B-934C-598665DE7BA9}.Debug|x64.ActiveCfg = Debug|x64
		{42BFFBA3-F45A-452B-934C-598665DE7BA9}.Debug|x64.Build.0 = Debug|x64
		{42BFFBA3-F45A-452B-934C-598665DE7BA9}.Release|Win32.ActiveCfg = Release|Win32
		{42BFFBA3-F45A-452B-934C-598665DE7BA9}.Release|Win32.Build.0 = Release|Win32
		{42BFFBA3-F45A-452B-934C-598665DE7BA9}.Release|x64.ActiveCfg = Release|x64
		{42BFFBA3-F45A-452B-934C-598665DE7BA9}.Release|x64.Build.0 = Release|x64
		{DF665CA2-4F72-46D4-94C6-48DA66F282B1}.Debug|Win32.ActiveCfg = Debug|Win32
		{DF665CA2-4F72-46D4-94C6-48DA66F282B1}.Debug|Win32.Build.0 = Debug|Win32
		{DF665CA2-4F72-46D4-94C6-48DA66F282B1}.Debug|x64.ActiveCfg = Debug|x64
		{DF665CA2-4F72-46D4-94C6-48DA66F282B1}.Debug|x64.Build.0 = Debug|x64
		{DF665CA2-4F72-46D4-94C6-48DA66F282B1}.Release|Win32.ActiveCfg = Release|Win32
		{DF665CA2-4F72-46D4-94C6-48DA66F282B1}.Release|Win32.Build.0 = Release|Win32
		{DF665CA2-4F72-46D4-94C6-48DA66F282B1}.Release|x64.ActiveCfg = Release|x64
		{DF665CA2-4F72-46D4-94C6-48DA66F282B1}.Release|x64.Build.0 = Release|x64
		{7964AD2A-2C6D-4C80-B577-7A3843CF9E19}.Debug|Win32.ActiveCfg = Debug|Win32
		{7964AD2A-2C6D-4C80-B577-7A3843CF9E19}.Debug|Win32.Build.0 = Debug|Win32
		{7964AD2A-2C6D-4C80-B577-7A3843CF9E19}.Debug|x64.ActiveCfg = Debug|x64
		{7964AD2A-2C6D-4C80-B577-7A3843CF9E19}.Debug|x64.Build.0 = Debug|x64
		{7964AD2A-2C6D-4C80-B577-7A3843CF9E19}.Release|Win32.ActiveCfg = Release|Win32
		{7964AD2A-2C6D-4C80-B577-7A3843CF9E19}.Release|Win32.Build.0 = Release|Win32
		{7964AD2A-2C6D-4C80-B577-7A3843CF9E19}.Release|x64.ActiveCfg = Release|x64
		{7964AD2A-2C6D-4C80-B577-7A3843CF9E19}.Release|x64.Build.0 = Release|x64
		{31C0599B-B3DD-4640-B23F-FC154EEAB361}.Debug|Win32.ActiveCfg = Debug|Win32
		{31C0599B-B3DD-4640-B23F-FC154EEAB361}.Debug|Win32.Build.0 = Debug|Win32
		{31C0599B-B3DD-4640-B23F-FC154EEAB361}.Debug|x64.ActiveCfg = Debug|x64
		{31C0599B-B3DD-4640-B23F-FC154EEAB361}.Debug|x64.Build.0 = Debug|x64
		{31C0599B-B3DD-4640-B23F-FC154EEAB361}.Release|Win32.ActiveCfg = Release|Win32
		{31C0599B-B3DD-4640-B23F-FC154EEAB361}.Release|Win32.Build.0 = Release|Win32
		{31C0599B-B3DD-4640-B23F-FC154EEAB361}.Release|x64.ActiveCfg = Release|x64
		{31C0599B-B3DD-4640-B23F-FC154EEAB361}.Release|x64.Build.0 = Release|x64
		{D0D5C67A-16FE-4722-B851-40E8FDCD7791}.Debug|Win32.ActiveCfg = Debug|Win32
		{D0D5C67A-16FE-4722-B851-40E8FDCD7791}.Debug|Win32.Build.0 = Debug|Win32
		{D0D5C67A-16FE-4722-B851-40E8FDCD7791}.Debug|x64.ActiveCfg = Debug|x64
		{D0D5C67A-16FE-4722-B851-40E8FDCD7791}.Debug|x64.Build.0 = Debug|x64
		{D0D5C67A-16FE-4722-B851-40E8FDCD7791}.Release|Win32.ActiveCfg = Release|Win32
		{D0D5C67A-16FE-4722-B851-40E8FDCD7791}.Release|Win32.Build.0 = Release|Win32
		{D0D5C67A-16FE-4722-B851-40E8FDCD7791}.Release|x64.ActiveCfg = Release|x64
		{D0D5C67A-16FE-4722-B851-40E8FDCD7791}.Release|x64.Build.0 = Release|x64
		{922405C3-B9CB-47B4-BE0C-EAC29B96612E}.Debug|Win32.ActiveCfg = Debug|Win32
		{922405C3-B9CB-47B4-BE0C-EAC29B96612E}.Debug|Win32.Build.0 = Debug|Win32
		{922405C3-B9CB-47B4-BE0C-EAC29B96612E}.Debug|x64.ActiveCfg = Debug|x64
		{922405C3-B9CB-47B4-BE0C-EAC29B96612E}.Debug|x64.Build.0 = Debug|x64
		{922405C3-B9CB-47B4-BE0C-EAC29B96612E}.Release|Win32.ActiveCfg = Release|Win32
		{922405C3-B9CB-47B4-BE0C-EAC29B96612E}.Release|Win32.Build.0 = Release|Win32
		{922405C3-B9CB-47B4-BE0C-EAC29B96612E}.Release|x64.ActiveCfg = Release|x64
		{922405C3-B9CB-47B4-BE0C-EAC29B96612E}.Release|x64.Build.0 = Release|x64
		{B5F54C3C-7C17-4D64-A911-55CEE568D604}.Debug|Win32.ActiveCfg = Debug|Win32
		{B5F54C3C-7C17-4D64-A911-55CEE568D604}.Debug|Win32.Build.0 = Debug|Win32
		{B5F54C3C-7C17-4D64-A911-55CEE568D604}.Debug|x64.ActiveCfg = Debug|x64
		{B5F54C3C-7C17-4D64-A911-55CEE568D604}.Debug|x64.Build.0 = Debug|x64
		{B5F54C3C-7C17-4D64-A911-55CEE568D604}.Release|Win32.ActiveCfg = Release|Win32
		{B5F54C3C-7C17-4D64-A911-55CEE568D604}.Release|Win32.Build.0 = Release|Win32
		{B5F54C3C-7C17-4D64-A911-55CEE568D604}.Release|x64.ActiveCfg = Release|x64
		{B5F54C3C-7C17-4D64-A911-55CEE568D604}.Release|x64.Build.0 = Release|x64
		{CCF451B0-D412-400A-9E9A-D11F6C8E6629}.Debug|Win32.ActiveCfg = Debug|Win32
		{CCF451B0-D412-400A-9E9A-D11F6C8E6629}.Debug|Win32.Build.0 = Debug|Win32
		{CCF451B0-D412-400A-9E9A-D11F6C8E6629}.Debug|x64.ActiveCfg = Debug|x64
		{CCF451B0-D412-400A-9E9A-D11F6C8E6629}.Debug|x64.Build.0 = Debug|x64
		{CCF451B0-D412-400A-9E9A-D11F6C8E6629}.Release|Win32.ActiveCfg = Release|Win32
		{CCF451B0-D412-400A-9E9A-D11F6C8E6629}.Release|Win32.Build.0 = Release|Win32
		{CCF451B0-D412-400A-9E9A-D11F6C8E6629}.Release|x64.ActiveCfg = Release|x64
		{CCF451B0-D412-400A-9E9A-D11F6C8E6629}.Release|x64.Build.0 = Release|x64
		{91D6D0EF-9620-43DF-90F0-38678723597E}.Debug|Win32.ActiveCfg = Debug|Win32
		{91D6D0EF-9620-43DF-90F0-38678723597E}.Debug|Win32.Build.0 = Debug|Win32
		{91D6D0EF-9620-43DF-90F0-38678723597E}.Debug|x64.ActiveCfg = Debug|x64
		{91D6D0EF-9620-43DF-90F0-38678723597E}.Debug|x64.Build.0 = Debug|x64
		{91D6D0EF-9620-43DF-90F0-38678723597E}.Release|Win32.ActiveCfg = Release|Win32
		{91D6D0EF-9620-43DF-90F0-38678723597E}.Release|Win32.Build.0 = Release|Win32
		{91D6D0EF-9620-43DF-90F0-38678723597E}.Release|x64.ActiveCfg = Release|x64
		{91D6D0EF-9620-43DF-90F0-38678723597E}.Release|x64.Build.0 = Release|x64
		{6A32A54A-2533-4863-95F6-AA2B007B536E}.Debug|Win32.ActiveCfg = Debug|Win32
		{6A32A54A-2533-4863-95F6-AA2B007B536E}.Debug|Win32.Build.0 = Debug|Win32
		{6A32A54A-2533-4863-95F6-AA2B007B536E}.Debug|x64.ActiveCfg = Debug|x64
		{6A32A54A-2533-4863-95F6-AA2B007B536E}.Debug|x64.Build.0 = Debug|x64
		{6A32A54A-2533-4863-95F6-AA2B007B536E}.Release|Win32.ActiveCfg = Release|Win32
		{6A32A54A-2533-4863-95F6-AA2B007B536E}.Release|Win32.Build.0 = Release|Win32
		{6A32A54A-2533-4863-95F6-AA2B007B536E}.Release|x64.ActiveCfg = Release|x64
		{6A32A54A-2533-4863-95F6-AA2B007B536E}.Release|x64.Build.0 = Release|x64
		{70155F83-094D-43E7-9FCD-67D269DE0457}.Debug|Win32.ActiveCfg = Debug|Win32
		{70155F83-094D-43E7-9FCD-67D269DE0457}.Debug|Win32.Build.0 = Debug|Win32
		{70155F83-094D-43E7-9FCD-67D269DE0457}.Debug|x64.ActiveCfg = Debug|x64
		{70155F83-094D-43E7-9FCD-67D269DE0457}.Debug|x64.Build.0 = Debug|x64
		{70155F83-094D-43E7-9FCD-67D269DE0457}.Release|Win32.ActiveCfg = Release|Win32
		{70155F83-094D-43E7-9FCD-67D269DE0457}.Release|Win32.Build.0 = Release|Win32
		{70155F83-094D-43E7-9FCD-67D269DE0457}.Release|x64.ActiveCfg = Release|x64
		{70155F83-094D-43E7-9FCD-67D269DE0457}.Release|x64.Build.0 = Release|x64
		{0AB520AB-42CB-46EF-B0B3-30B6389E1EDD}.Debug|Win32.ActiveCfg = Debug|Win32
		{0AB520AB-42CB-46EF-B0B3-30B6389E1EDD}.Debug|Win32.Build.0 = Debug|Win32
		{0AB520AB-42CB-46EF-B0B3-30B6389E1EDD}.Debug|x64.ActiveCfg = Debug|x64
		{0AB520AB-42CB-46EF-B0B3-30B6389E1EDD}.Debug|x64.Build.0 = Debug|x64
		{0AB520AB-42CB-46EF-B0B3-30B6389E1EDD}.Release|Win32.ActiveCfg = Release|Win32
		{0AB520AB-42CB-46EF-B0B3-30B6389E1EDD}.Release|Win32.Build.0 = Release|Win32
		{0AB520AB-42CB-46EF-B0B3-30B6389E1EDD}.Release|x64.ActiveCfg = Release|x64
		{0AB520AB-42CB-46EF-B0B3-30B6389E1EDD}.Release|x64.Build.0 = Release|x64
		{43CFC75C-6805-455D-BF64-B8D2070C4F1B}.Debug|Win32.ActiveCfg = Debug|Win32
		{43CFC75C-6805-455D-BF64-B8D2070C4F1B}.Debug|Win32.Build.0 = Debug|Win32
		{43CFC75C-6805-455D-BF64-B8D2070C4F1B}.Debug|x64.ActiveCfg = Debug|x64
		{43CFC75C-6805-455D-BF64-B8D2070C4F1B}.Debug|x64.Build.0 = Debug|x64
		{43CFC75C-6805-455D-BF64-B8D2070C4F1B}.Release|Win32.ActiveCfg = Release|Win32
		{43CFC75C-6805-455D-BF64-B8D2070C4F1B}.Release|Win32.Build.0 = Release|Win32
		{43CFC75C-6805-455D-BF64-B8D2070C4F1B}.Release|x64.ActiveCfg = Release|x64
		{43CFC75C-6805-455D-BF64-B8D2070C4F1B}.Release|x64.Build.0 = Release|x64
		{36F86CD2-C537-48CE-95A7-A37B79DA7693}.Debug|Win32.ActiveCfg = Debug|Win32
		{36F86CD2-C537-48CE-95A7-A37B79DA7693}.Debug|Win32.Build.0 = Debug|Win32
		{36F86CD2-C537-48CE-95A7-A37B79DA7693}.Debug|x64.ActiveCfg = Debug|x64
		{36F86CD2-C537-48CE-95A7-A37B79DA7693}.Debug|x64.Build.0 = Debug|x64
		{36F86CD2-C537-48CE-95A7-A37B79DA7693}.Release|Win32.ActiveCfg = Release|Win32
		{36F86CD2-C537-48CE-95A7-A37B79DA7693}.Release|Win32.Build.0 = Release|Win32
		{36F86CD2-C537-48CE-95A7-A37B79DA7693}.Release|x64.ActiveCfg = Release|x64
		{36F86CD2-C537-48CE-95A7-A37B79DA7693}.Release|x64.Build.0 = Release|x64
		{9D20EBFF-9C9B-478E-86B6-0CA450F80F6E}.Debug|Win32.ActiveCfg = Debug|Win32
		{9D20EBFF-9C9B-478E-86B6-0CA450F80F6E}.Debug|Win32.Build.0 = Debug|Win32
		{9D20EBFF-9C9B-478E-86B6-0CA450F80F6E}.Debug|x64.ActiveCfg = Debug|x64
		{9D20EBFF-9C9B-478E-86B6-0CA450F80F6E}.Debug|x64.Build.0 = Debug|x64
		{9D20EBFF-9C9B-478E-86B6-0CA450F80F6E}.Release|Win32.ActiveCfg = Release|Win32
		{9D20EBFF-9C9B-478E-86B6-0CA450F80F6E}.Release|Win32.Build.0 = Release|Win32
		{9D20EBFF-9C9B-478E-86B6-0CA450F80F6E}.Release|x64.ActiveCfg = Release|x64
		{9D20EBFF-9C9B-478E-86B6-0CA450F80F6E}.Release|x64.Build.0 = Release|x64
		{54AAB985-9EAB-4572-8C09-5F0358869AC0}.Debug|Win32.ActiveCfg = Debug|Win32
		{54AAB985-9EAB-4572-8C09-5F0358869AC0}.Debug|Win32.Build.0 = Debug|Win32
		{54AAB985-9EAB-4572-8C09-5F0358869AC0}.Debug|x64.ActiveCfg = Debug|x64
		{54AAB985-9EAB-4572-8C09-5F0358869AC0}.Debug|x64.Build.0 = Debug|x64
		{54AAB985-9EAB-4572-8C09-5F0358869AC0}.Release|Win32.ActiveCfg = Release|Win32
		{54AAB985-9EAB-4572-8C09-5F0358869AC0}.Release|Win32.Build.0 = Release|Win32
		{54AAB985-9EAB-4572-8C09-5F0358869AC0}.Release|x64.ActiveCfg = Release|x64
		{54AAB985-9EAB-4572-8C09-5F0358869AC0}.Release|x64.Build.0 = Release|x64
		{E9864556-E481-465E-AE80-D4E054DA4666}.Debug|Win32.ActiveCfg = Debug|Win32
		{E9864556-E481-465E-AE80-D4E054DA4666}.Debug|Win32.Build.0 = Debug|Win32
		{E9864556-E481-465E-AE80-D4E054DA4666}.Debug|x64.ActiveCfg = Debug|x64
		{E9864556-E481-465E-AE80-D4E054DA4666}.Debug|x64.Build.0 = Debug|x64
		{E9864556-E481-465E-AE80-D4E054DA4666}.Release|Win32.ActiveCfg = Release|Win32
		{E9864556-E481-465E-AE80-D4E054DA4666}.Release|Win32.Build.0 = Release|Win32
		{E9864556-E481-465E-AE80-D4E054DA4666}.Release|x64.ActiveCfg = Release|x64
		{E9864556-E481-465E-AE80-D4E054DA4666}.Release|x64.Build.0 = Release|x64
		{28D262D0-8028-46AB-9097-1281E105107B}.Debug|Win32.ActiveCfg = Debug|Win32
		{28D262D0-8028-46AB-9097-1281E105107B}.Debug|Win32.Build.0 = Debug|Win32
		{28D262D0-8028-46AB-9097-1281E105107B}.Debug|x64.ActiveCfg = Debug|x64
		{28D262D0-8028-46AB-9097-1281E105107B}.Debug|x64.Build.0 = Debug|x64
		{28D262D0-8028-46AB-9097-1281E105107B}.Release|Win32.ActiveCfg = Release|Win32
		{28D262D0-8028-46AB-9097-1281E105107B}.Release|Win32.Build.0 = Release|Win32
		{28D262D0-8028-46AB-9097-1281E105107B}.Release|x64.ActiveCfg = Release|x64
		{28D262D0-8028-46AB-9097-1281E105107B}.Release|x64.Build.0 = Release|x64
		{3CB7AE77-5BBA-4425-AB3D-2B49E278DE90}.Debug|Win32.ActiveCfg = Debug|Win32
		{3CB7AE77-5BBA-4425-AB3D-2B49E278DE90}.Debug|Win32.Build.0 = Debug|Win32
		{3CB7AE77-5BBA-4425-AB3D-2B49E278DE90}.Debug|x64.ActiveCfg = Debug|x64
		{3CB7AE77-5BBA-4425-AB3D-2B49E278DE90}.Debug|x64.Build.0 = Debug|x64
		{3CB7AE77-5BBA-4425-AB3D-2B49E278DE90}.Release|Win32.ActiveCfg = Release|Win32
		{3CB7AE77-5BBA-4425-AB3D-2B49E278DE90}.Release|Win32.Build.0 = Release|Win32
		{3CB7AE77-5BBA-4425-AB3D-2B49E278DE90}.Release|x64.ActiveCfg = Release|x64
		{3CB7AE77-5BBA-4425-AB3D-2B49E278DE90}.Release|x64.Build.0 = Release|x64
		{18298F03-242B-4469-B829-60EF54400A6F}.Debug|Win32.ActiveCfg = Debug|Win32
		{18298F03-242B-4469-B829-60EF54400A6F}.Debug|Win32.Build.0 = Debug|Win32
		{18298F03-242B-4469-B829-60EF54400A6F}.Debug|x64.ActiveCfg = Debug|x64
		{18298F03-242B-4469-B829-60EF54400A6F}.Debug|x64.Build.0 = Debug|x64
		{18298F03-242B-4469-B829-60EF54400A6F}.Release|Win32.ActiveCfg = Release|Win32
		{18298F03-242B-4469-B829-60EF54400A6F}.Release|Win32.Build.0 = Release|Win32
		{18298F03-242B-4469-B829-60EF54400A6F}.Release|x64.ActiveCfg = Release|x64
		{18298F03-242B-4469-B829-60EF54400A6F}.Release|x64.Build.0 = Release|x64
		{A29FDAB9-F224-49EE-B27D-F1DEBD25342D}.Debug|Win32.ActiveCfg = Debug|Win32
		{A29FDAB9-F224-49EE-B27D-F1DEBD25342D}.Debug|Win32.Build.0 = Debug|Win32
		{A29FDAB9-F224-49EE-B27D-F1DEBD25342D}.Debug|x64.ActiveCfg = Debug|x64
		{A29FDAB9-F224-49EE-B27D-F1DEBD25342D}.Debug|x64.Build.0 = Debug|x64
		{A29FDAB9-F224-49EE-B27D-F1DEBD25342D}.Release|Win32.ActiveCfg = Release|Win32
		{A29FDAB9-F224-49EE-B27D-F1DEBD25342D}.Release|Win32.Build.0 = Release|Win32
		{A29FDAB9-F224-49EE-B27D-F1DEBD25342D}.Release|x64.ActiveCfg = Release|x64
		{A29FDAB9-F224-49EE-B27D-F1DEBD25342D}.Release|x64.Build.0 = Release|x64
		{FACED65A-432D-4EF2-BB6A-00BD9FD66EAD}.Debug|Win32.ActiveCfg = Debug|Win32
		{FACED65A-432D-4EF2-BB6A-00BD9FD66EAD}.Debug|Win32.Build.0 = Debug|Win32
		{FACED65A-432D-4EF2-BB6A-00BD9FD66EAD}.Debug|x64.ActiveCfg = Debug|x64
		{FACED65A-432D-4EF2-BB6A-00BD9FD66EAD}.Debug|x64.Build.0 = Debug|x64
		{FACED65A-432D-4EF2-BB6A-00BD9FD66EAD}.Release|Win32.ActiveCfg = Release|Win32
		{FACED65A-432D-4EF2-BB6A-00BD9FD66EAD}.Release|Win32.Build.0 = Release|Win32
		{FACED65A-432D-4EF2-BB6A-00BD9FD66EAD}.Release|x64.ActiveCfg = Release|x64
		{FACED65A-432D-4EF2-BB6A-00BD9FD66EAD}.Release|x64.Build.0 = Release|x64
		{84FEC4CD-2092-4D7B-8114-75C9AC8B540A}.Debug|Win32.ActiveCfg = Debug|Win32
		{84FEC4CD-2092-4D7B-8114-75C9AC8B540A}.Debug|Win32.Build.0 = Debug|Win32
		{84FEC4CD-2092-4D7B-8114-75C9AC8B540A}.Debug|x64.ActiveCfg = Debug|x64
		{84FEC4CD-2092-4D7B-8114-75C9AC8B540A}.Debug|x64.Build.0 = Debug|x64
		{84FEC4CD-2092-4D7B-8114-75C9AC8B540A}.Release|Win32.ActiveCfg = Release|Win32
		{84FEC4CD-2092-4D7B-8114-75C9AC8B540A}.Release|Win32.Build.0 = Release|Win32
		{84FEC4CD-2092-4D7B-8114-75C9AC8B540A}.Release|x64.ActiveCfg = Release|x64
		{84FEC4CD-2092-4D7B-8114-75C9AC8B540A}.Release|x64.Build.0 = Release|x64
		{01CD7C02-E114-4209-AEED-4A0A7EBEAA50}.Debug|Win32.ActiveCfg = Debug|Win32
		{01CD7C02-E114-4209-AEED-4A0A7EBEAA50}.Debug|Win32.Build.0 = Debug|Win32
		{01CD7C02-E114-4209-AEED-4A0A7EBEAA50}.Debug|x64.ActiveCfg = Debug|x64
		{01CD7C02-E114-4209-AEED-4A0A7EBEAA50}.Debug|x64.Build.0 = Debug|x64
		{01CD7C02-E114-4209-AEED-4A0A7EBEAA50}.Release|Win32.ActiveCfg = Release|Win32
		{01CD7C02-E114-4209-AEED-4A0A7EBEAA50}.Release|Win32.Build.0 = Release|Win32
		{01CD7C02-E114-4209-AEED-4A0A7EBEAA50}.Release|x64.ActiveCfg = Release|x64
		{01CD7C02-E114-4209-AEED-4A0A7EBEAA50}.Release|x64.Build.0 = Release|x64
		{2D61C268-7B6E-45EE-ACFF-6C0D42964240}.Debug|Win32.ActiveCfg = Debug|Win32
		{2D61C268-7B6E-45EE-ACFF-6C0D42964240}.Debug|Win32.Build.0 = Debug|Win32
		{2D61C268-7B6E-45EE-ACFF-6C0D42964240}.Debug|x64.ActiveCfg = Debug|x64
		{2D61C268-7B6E-45EE-ACFF-6C0D42964240}.Debug|x64.Build.0 = Debug|x64
		{2D61C268-7B6E-45EE-ACFF-6C0D42964240}.Release|Win32.ActiveCfg = Release|Win32
		{2D61C268-7B6E-45EE-ACFF-6C0D42964240}.Release|Win32.Build.0 = Release|Win32
		{2D61C268-7B6E-45EE-ACFF-6C0D42964240}.Release|x64.ActiveCfg = Release|x64
		{2D61C268-7B6E-45EE-ACFF-6C0D42964240}.Release|x64.Build.0 = Release|x64
		{9A843639-5A9B-4353-BD9A-9A787608F00C}.Debug|Win32.ActiveCfg = Debug|Win32
		{9A843639-5A9B-4353-BD9A-9A787608F00C}.Debug|Win32.Build.0 = Debug|Win32
		{9A843639-5A9B-4353-BD9A-9A787608F00C}.Debug|x64.ActiveCfg = Debug|x64
		{9A843639-5A9B-4353-BD9A-9A787608F00C}.Debug|x64.Build.0 = Debug|x64
		{9A843639-5A9B-4353-BD9A-9A787608F00C}.Release|Win32.ActiveCfg = Release|Win32
		{9A843639-5A9B-4353-BD9A-9A787608F00C}.Release|Win32.Build.0 = Release|Win32
		{9A843639-5A9B-4353-BD9A-9A787608F00C}.Release|x64.ActiveCfg = Release|x64
		{9A843639-5A9B-4353-BD9A-9A787608F00C}.Release|x64.Build.0 = Release|x64
		{12A0A7B8-951B-420D-9DAF-3C3232591DE0}.Debug|Win32.ActiveCfg = Debug|Win32
		{12A0A7B8-951B-420D-9DAF-3C3232591DE0}.Debug|Win32.Build.0 = Debug|Win32
		{12A0A7B8-951B-420D-9DAF-3C3232591DE0}.Debug|x64.ActiveCfg = Debug|x64
		{12A0A7B8-951B-420D-9DAF-3C3232591DE0}.Debug|x64.Build.0 = Debug|x64
		{12A0A7B8-951B-420D-9DAF-3C3232591DE0}.Release|Win32.ActiveCfg = Release|Win32
		{12A0A7B8-951B-420D-9DAF-3C3232591DE0}.Release|Win32.Build.0 = Release|Win32
		{12A0A7B8-951B-420D-9DAF-3C3232591DE0}.Release|x64.ActiveCfg = Release|x64
		{12A0A7B8-951B-420D-9DAF-3C3232591DE0}.Release|x64.Build.0 = Release|x64
		{86717263-519B-418B-9102-101374EB2732}.Debug|Win32.ActiveCfg = Debug|Win32
		{86717263-519B-418B-9102-101374EB2732}.Debug|Win32.Build.0 = Debug|Win32
		{86717263-519B-418B-9102-101374EB2732}.Debug|x64.ActiveCfg = Debug|x64
		{86717263-519B-418B-9102-101374EB2732}.Debug|x64.Build.0 = Debug|x64
		{86717263-519B-418B-9102-101374EB2732}.Release|Win32.ActiveCfg = Release|Win32
		{86717263-519B-418B-9102-101374EB2732}.Release|Win32.Build.0 = Release|Win32
		{86717263-519B-418B-9102-101374EB2732}.Release|x64.ActiveCfg = Release|x64
		{86717263-519B-418B-9102-101374EB2732}.Release|x64.Build.0 = Release|x64
		{C6679D79-B6E5-49C8-852C-EE9C6C6746B3}.Debug|Win32.ActiveCfg = Debug|Win32
		{C6679D79-B6E5-49C8-852C-EE9C6C6746B3}.Debug|Win32.Build.0 = Debug|Win32
		{C6679D79-B6E5-49C8-852C-EE9C6C6746B3}.Debug|x64.ActiveCfg = Debug|x64
		{C6679D79-B6E5-49C8-852C-EE9C6C6746B3}.Debug|x64.Build.0 = Debug|x64
		{C6679D79-B6E5-49C8-852C-EE9C6C6746B3}.Release|Win32.ActiveCfg = Release|Win32
		{C6679D79-B6E5-49C8-852C-EE9C6C6746B3}.Release|Win32.Build.0 = Release|Win32
		{C6679D79-B6E5-49C8-852C-EE9C6C6746B3}.Release|x64.ActiveCfg = Release|x64
		{C6679D79-B6E5-49C8-852C-EE9C6C6746B3}.Release|x64.Build.0 = Release|x64
		{2F298432-3D52-4682-9C41-7A51A47743CA}.Debug|Win32.ActiveCfg = Debug|Win32
		{2F298432-3D52-4682-9C41-7A51A47743CA}.Debug|Win32.Build.0 = Debug|Win32
		{2F298432-3D52-4682-9C41-7A51A47743CA}.Debug|x64.ActiveCfg = Debug|x64
		{2F298432-3D52-4682-9C41-7A51A47743CA}.Debug|x64.Build.0 = Debug|x64
		{2F298432-3D52-4682-9C41-7A51A47743CA}.Release|Win32.ActiveCfg = Release|Win32
		{2F298432-3D52-4682-9C41-7A51A47743CA}.Release|Win32.Build.0 = Release|Win32
		{2F298432-3D52-4682-9C41-7A51A47743CA}.Release|x64.ActiveCfg = Release|x64
		{2F298432-3D52-4682-9C41-7A51A47743CA}.Release|x64.Build.0 = Release|x64
		{BE7C36B9-AD12-4D68-964A-0ABF3E048697}.Debug|Win32.ActiveCfg = Debug|Win32
		{BE7C36B9-AD12-4D68-964A-0ABF3E048697}.Debug|Win32.Build.0 = Debug|Win32
		{BE7C36B9-AD12-4D68-964A-0ABF3E048697}.Debug|x64.ActiveCfg = Debug|x64
		{BE7C36B9-AD12-4D68-964A-0ABF3E048697}.Debug|x64.Build.0 = Debug|x64
		{BE7C36B9-AD12-4D68-964A-0ABF3E048697}.Release|Win32.ActiveCfg = Release|Win32
		{BE7C36B9-AD12-4D68-964A-0ABF3E048697}.Release|Win32.Build.0 = Release|Win32
		{BE7C36B9-AD12-4D68-964A-0ABF3E048697}.Release|x64.ActiveCfg = Release|x64
		{BE7C36B9-AD12-4D68-964A-0ABF3E048697}.Release|x64.Build.0 = Release|x64
		{7022D40B-2DCE-4B57-A29B-32F2D972A0E0}.Debug|Win32.ActiveCfg = Debug|Win32
		{7022D40B-2DCE-4B57-A29B-32F2D972A0E0}.Debug|Win32.Build.0 = Debug|Win32
		{7022D40B-2DCE-4B57-A29B-32F2D972A0E0}.Debug|x64.ActiveCfg = Debug|x64
		{7022D40B-2DCE-4B57-A29B-32F2D972A0E0}.Debug|x64.Build.0 = Debug|x64
		{7022D40B-2DCE-4B57-A29B-32F2D972A0E0}.Release|Win32.ActiveCfg = Release|Win32
		{7022D40B-2DCE-4B57-A29B-32F2D972A0E0}.Release|Win32.Build.0 = Release|Win32
		{7022D40B-2DCE-4B57-A29B-32F2D972A0E0}.Release|x64.ActiveCfg = Release|x64
		{7022D40B-2DCE-4B57-A29B-32F2D972A0E0}.Release|x64.Build.0 = Release|x64
		{4123ED37-8900-4A42-8657-D6643C9BEC41}.Debug|Win32.ActiveCfg = Debug|Win32
		{4123ED37-8900-4A42-8657-D6643C9BEC41}.Debug|Win32.Build.0 = Debug|Win32
		{4123ED37-8900-4A42-8657-D6643C9BEC41}.Debug|x64.ActiveCfg = Debug|x64
		{4123ED37-8900-4A42-8657-D6643C9BEC41}.Debug|x64.Build.0 = Debug|x64
		{4123ED37-8900-4A42-8657-D6643C9BEC41}.Release|Win32.ActiveCfg = Release|Win32
		{4123ED37-8900-4A42-8657-D6643C9BEC41}.Release|Win32.Build.0 = Release|Win32
		{4123ED37-8900-4A42-8657-D6643C9BEC41}.Release|x64.ActiveCfg = Release|x64
		{4123ED37-8900-4A42-8657-D6643C9BEC41}.Release|x64.Build.0 = Release|x64
		{7E8AE5CE-4AA1-4FE1-93C0-B72E4E1DCE85}.Debug|Win32.ActiveCfg = Debug|Win32
		{7E8AE5CE-4AA1-4FE1-93C0-B72E4E1DCE85}.Debug|Win32.Build.0 = Debug|Win32
		{7E8AE5CE-4AA1-4FE1-93C0-B72E4E1DCE85}.Debug|x64.ActiveCfg = Debug|x64
		{7E8AE5CE-4AA1-4FE1-93C0-B72E4E1DCE85}.Debug|x64.Build.0 = Debug|x64
		{7E8AE5CE-4AA1-4FE1-93C0-B72E4E1DCE85}.Release|Win32.ActiveCfg = Release|Win32
		{7E8AE5CE-4AA1-4FE1-93C0-B72E4E1DCE85}.Release|Win32.Build.0 = Release|Win32
		{7E8AE5CE-4AA1-4FE1-93C0-B72E4E1DCE85}.Release|x64.ActiveCfg = Release|x64
		{7E8AE5CE-4AA1-4FE1-93C0-B72E4E1DCE85}.Release|x64.Build.0 = Release|x64
		{BEBEC333-885D-42C0-8EBA-FE753DB936F8}.Debug|Win32.ActiveCfg = Debug|Win32
		{BEBEC333-885D-42C0-8EBA-FE753DB936F8}.Debug|Win32.Build.0 = Debug|Win32
		{BEBEC333-885D-42C0-8EBA-FE753DB936F8}.Debug|x64.ActiveCfg = Debug|x64
		{BEBEC333-885D-42C0-8EBA-FE753DB936F8}.Debug|x64.Build.0 = Debug|x64
		{BEBEC333-885D-42C0-8EBA-FE753DB936F8}.Release|Win32.ActiveCfg = Release|Win32
		{BEBEC333-885D-42C0-8EBA-FE753DB936F8}.Release|Win32.Build.0 = Release|Win32
		{BEBEC333-885D-42C0-8EBA-FE753DB936F8}.Release|x64.ActiveCfg = Release|x64
		{BEBEC333-885D-42C0-8EBA-FE753DB936F8}.Release|x64.Build.0 = Release|x64
		{5E7BDE79-CC60-4DEB-8B6F-EEB970BB3CAC}.Debug|Win32.ActiveCfg = Debug|Win32
		{5E7BDE79-CC60-4DEB-8B6F-EEB970BB3CAC}.Debug|Win32.Build.0 = Debug|Win32
		{5E7BDE79-CC60-4DEB-8B6F-EEB970BB3CAC}.Debug|x64.ActiveCfg = Debug|x64
		{5E7BDE79-CC60-4DEB-8B6F-EEB970BB3CAC}.Debug|x64.Build.0 = Debug|x64
		{5E7BDE79-CC60-4DEB-8B6F-EEB970BB3CAC}.Release|Win32.ActiveCfg = Release|Win32
		{5E7BDE79-CC60-4DEB-8B6F-EEB970BB3CAC}.Release|Win32.Build.0 = Release|Win32
		{5E7BDE79-CC60-4DEB-8B6F-EEB970BB3CAC}.Release|x64.ActiveCfg = Release|x64
		{5E7BDE79-CC60-4DEB-8B6F-EEB970BB3CAC}.Release|x64.Build.0 = Release|x64
		{D7FEF53B-CD11-4F00-ADF0-A0AA3BEF386D}.Debug|Win32.ActiveCfg = Debug|Win32
		{D7FEF53B-CD11-4F00-ADF0-A0AA3BEF386D}.Debug|Win32.Build.0 = Debug|Win32
		{D7FEF53B-CD11-4F00-ADF0-A0AA3BEF386D}.Debug|x64.ActiveCfg = Debug|x64
		{D7FEF53B-CD11-4F00-ADF0-A0AA3BEF386D}.Debug|x64.Build.0 = Debug|x64
		{D7FEF53B-CD11-4F00-ADF0-A0AA3BEF386D}.Release|Win32.ActiveCfg = Release|Win32
		{D7FEF53B-CD11-4F00-ADF0-A0AA3BEF386D}.Release|Win32.Build.0 = Release|Win32
		{D7FEF53B-CD11-4F00-ADF0-A0AA3BEF386D}.Release|x64.ActiveCfg = Release|x64
		{D7FEF53B-CD11-4F00-ADF0-A0AA3BEF386D}.Release|x64.Build.0 = Release|x64
		{13262D78-470D-41FF-ACB2-86C76DD295AF}.Debug|Win32.ActiveCfg = Debug|Win32
		{13262D78-470D-41FF-ACB2-86C76DD295AF}.Debug|Win32.Build.0 = Debug|Win32
		{13262D78-470D-41FF-ACB2-86C76DD295AF}.Debug|x64.ActiveCfg = Debug|x64
		{13262D78-470D-41FF-ACB2-86C76DD295AF}.Debug|x64.Build.0 = Debug|x64
		{13262D78-470D-41FF-ACB2-86C76DD295AF}.Release|Win32.ActiveCfg = Release|Win32
		{13262D78-470D-41FF-ACB2-86C76DD295AF}.Release|Win32.Build.0 = Release|Win32
		{13262D78-470D-41FF-ACB2-86C76DD295AF}.Release|x64.ActiveCfg = Release|x64
		{13262D78-470D-41FF-ACB2-86C76DD295AF}.Release|x64.Build.0 = Release|x64
		{2C2F6F39-EDFF-4347-85CC-35C0A15D967D}.Debug|Win32.ActiveCfg = Debug|Win32
		{2C2F6F39-EDFF-4347-85CC-35C0A15D967D}.Debug|Win32.Build.0 = Debug|Win32
		{2C2F6F39-EDFF-4347-85CC-35C0A15D967D}.Debug|x64.ActiveCfg = Debug|x64
		{2C2F6F39-EDFF-4347-85CC-35C0A15D967D}.Debug|x64.Build.0 = Debug|x64
		{2C2F6F39-EDFF-4347-85CC-35C0A15D967D}.Release|Win32.ActiveCfg = Release|Win32
		{2C2F6F39-EDFF-4347-85CC-35C0A15D967D}.Release|Win32.Build.0 = Release|Win32
		{2C2F6F39-EDFF-4347-85CC-35C0A15D967D}.Release|x64.ActiveCfg = Release|x64
		{2C2F6F39-EDFF-4347-85CC-35C0A15D967D}.Release|x64.Build.0 = Release|x64
		{38E5D9EA-C5CE-4635-8B83-7312D36B0162}.Debug|Win32.ActiveCfg = Debug|Win32
		{38E5D9EA-C5CE-4635-8B83-7312D36B0162}.Debug|Win32.Build.0 = Debug|Win32
		{38E5D9EA-C5CE-4635-8B83-7312D36B0162}.Debug|x64.ActiveCfg = Debug|x64
		{38E5D9EA-C5CE-4635-8B83-7312D36B0162}.Debug|x64.Build.0 = Debug|x64
		{38E5D9EA-C5CE-4635-8B83-7312D36B0162}.Release|Win32.ActiveCfg = Release|Win32
		{38E5D9EA-C5CE-4635-8B83-7312D36B0162}.Release|Win32.Build.0 = Release|Win32
		{38E5D9EA-C5CE-4635-8B83-7312D36B0162}.Release|x64.ActiveCfg = Release|x64
		{38E5D9EA-C5CE-4635-8B83-7312D36B0162}.Release|x64.Build.0 = Release|x64
		{2ECC7D2B-0DBE-4170-8F70-918BD3636AEF}.Debug|Win32.ActiveCfg = Debug|Win32
		{2ECC7D2B-0DBE-4170-8F70-918BD3636AEF}.Debug|Win32.Build.0 = Debug|Win32
		{2ECC7D2B-0DBE-4170-8F70-918BD3636AEF}.Debug|x64.ActiveCfg = Debug|x64
		{2ECC7D2B-0DBE-4170-8F70-918BD3636AEF}.Debug|x64.Build.0 = Debug|x64
		{2ECC7D2B-0DBE-4170-8F70-918BD3636AEF}.Release|Win32.ActiveCfg = Release|Win32
		{2ECC7D2B-0DBE-4170-8F70-918BD3636AEF}.Release|Win32.Build.0 = Release|Win32
		{2ECC7D2B-0DBE-4170-8F70-918BD3636AEF}.Release|x64.ActiveCfg = Release|x64
		{2ECC7D2B-0DBE-4170-8F70-918BD3636AEF}.Release|x64.Build.0 = Release|x64
		{14AE540E-EA7F-4D98-9E88-663E0B10C7AA}.Debug|Win32.ActiveCfg = Debug|Win32
		{14AE540E-EA7F-4D98-9E88-663E0B10C7AA}.Debug|Win32.Build.0 = Debug|Win32
		{14AE540E-EA7F-4D98-9E88-663E0B10C7AA}.Debug|x64.ActiveCfg = Debug|x64
		{14AE540E-EA7F-4D98-9E88-663E0B10C7AA}.Debug|x64.Build.0 = Debug|x64
		{14AE540E-EA7F-4D98-9E88-663E0B10C7AA}.Release|Win32.ActiveCfg = Release|Win32
		{14AE540E-EA7F-4D98-9E88-663E0B10C7AA}.Release|Win32.Build.0 = Release|Win32
		{14AE540E-EA7F-4D98-9E88-663E0B10C7AA}.Release|x64.ActiveCfg = Release|x64
		{14AE540E-EA7F-4D98-9E88-663E0B10C7AA}.Release|x64.Build.0 = Release|x64
		{A24E3BAC-CAF7-4BFD-9A33-DD5C3BCDBFF8}.Debug|Win32.ActiveCfg = Debug|Win32
		{A24E3BAC-CAF7-4BFD-9A33-DD5C3BCDBFF8}.Debug|Win32.Build.0 = Debug|Win32
		{A24E3BAC-CAF7-4BFD-9A33-DD5C3BCDBFF8}.Debug|x64.ActiveCfg = Debug|x64
		{A24E3BAC-CAF7-4BFD-9A33-DD5C3BCDBFF8}.Debug|x64.Build.0 = Debug|x64
		{A24E3BAC-CAF7-4BFD-9A33-DD5C3BCDBFF8}.Release|Win32.ActiveCfg = Release|Win32
		{A24E3BAC-CAF7-4BFD-9A33-DD5C3BCDBFF8}.Release|Win32.Build.0 = Release|Win32
		{A24E3BAC-CAF7-4BFD-9A33-DD5C3BCDBFF8}.Release|x64.ActiveCfg = Release|x64
		{A24E3BAC-CAF7-4BFD-9A33-DD5C3BCDBFF8}.Release|x64.Build.0 = Release|x64
		{EEB102F3-05A6-4174-9961-9DE27544ADC1}.Debug|Win32.ActiveCfg = Debug|Win32
		{EEB102F3-05A6-4174-9961-9DE27544ADC1}.Debug|Win32.Build.0 = Debug|Win32
		{EEB102F3-05A6-4174-9961-9DE27544ADC1}.Debug|x64.ActiveCfg = Debug|x64
		{EEB102F3-05A6-4174-9961-9DE27544ADC1}.Debug|x64.Build.0 = Debug|x64
		{EEB102F3-05A6-4174-9961-9DE27544ADC1}.Release|Win32.ActiveCfg = Release|Win32
		{EEB102F3-05A6-4174-9961-9DE27544ADC1}.Release|Win32.Build.0 = Release|Win32
		{EEB102F3-05A6-4174-9961-9DE27544ADC1}.Release|x64.ActiveCfg = Release|x64
		{EEB102F3-05A6-4174-9961-9DE27544ADC1}.Release|x64.Build.0 = Release|x64
		{D8D2CDA4-4F6F-4DA5-BA48-914DBEA3E5F8}.Debug|Win32.ActiveCfg = Debug|Win32
		{D8D2CDA4-4F6F-4DA5-BA48-914DBEA3E5F8}.Debug|Win32.Build.0 = Debug|Win32
		{D8D2CDA4-4F6F-4DA5-BA48-914DBEA3E5F8}.Debug|x64.ActiveCfg = Debug|x64
		{D8D2CDA4-4F6F-4DA5-BA48-914DBEA3E5F8}.Debug|x64.Build.0 = Debug|x64
		{D8D2CDA4-4F6F-4DA5-BA48-914DBEA3E5F8}.Release|Win32.ActiveCfg = Release|Win32
		{D8D2CDA4-4F6F-4DA5-BA48-914DBEA3E5F8}.Release|Win32.Build.0 = Release|Win32
		{D8D2CDA4-4F6F-4DA5-BA48-914DBEA3E5F8}.Release|x64.ActiveCfg = Release|x64
		{D8D2CDA4-4F6F-4DA5-BA48-914DBEA3E5F8}.Release|x64.Build.0 = Release|x64
		{AD1AE94D-CA33-414C-8565-593CA0D43163}.Debug|Win32.ActiveCfg = Debug|Win32
		{AD1AE94D-CA33-414C-8565-593CA0D43163}.Debug|Win32.Build.0 = Debug|Win32
		{AD1AE94D-CA33-414C-8565-593CA0D43163}.Debug|x64.ActiveCfg = Debug|x64
		{AD1AE94D-CA33-414C-8565-593CA0D43163}.Debug|x64.Build.0 = Debug|x64
		{AD1AE94D-CA33-414C-8565-593CA0D43163}.Release|Win32.ActiveCfg = Release|Win32
		{AD1AE94D-CA33-414C-8565-593CA0D43163}.Release|Win32.Build.0 = Release|Win32
		{AD1AE94D-CA33-414C-8565-593CA0D43163}.Release|x64.ActiveCfg = Release|x64
		{AD1AE94D-CA33-414C-8565-593CA0D43163}.Release|x64.Build.0 = Release|x64
		{8D4D9BEB-2E6E-4E91-979A-9F1B2F4D52BF}.Debug|Win32.ActiveCfg = Debug|Win32
		{8D4D9BEB-2E6E-4E91-979A-9F1B2F4D52BF}.Debug|Win32.Build.0 = Debug|Win32
		{8D4D9BEB-2E6E-4E91-979A-9F1B2F4D52BF}.Debug|x64.ActiveCfg = Debug|x64
		{8D4D9BEB-2E6E-4E91-979A-9F1B2F4D52BF}.Debug|x64.Build.0 = Debug|x64
		{8D4D9BEB-2E6E-4E91-979A-9F1B2F4D52BF}.Release|Win32.ActiveCfg = Release|Win32
		{8D4D9BEB-2E6E-4E91-979A-9F1B2F4D52BF}.Release|Win32.Build.0 = Release|Win32
		{8D4D9BEB-2E6E-4E91-979A-9F1B2F4D52BF}.Release|x64.ActiveCfg = Release|x64
		{8D4D9BEB-2E6E-4E91-979A-9F1B2F4D52BF}.Release|x64.Build.0 = Release|x64
		{F907445C-E221-4223-B1BD-A2203BEF0B7A}.Debug|Win32.ActiveCfg = Debug|Win32
		{F907445C-E221-4223-B1BD-A2203BEF0B7A}.Debug|Win32.Build.0 = Debug|Win32
		{F907445C-E221-4223-B1BD-A2203BEF0B7A}.Debug|x64.ActiveCfg = Debug|x64
		{F907445C-E221-4223-B1BD-A2203BEF0B7A}.Debug|x64.Build.0 = Debug|x64
		{F907445C-E221-4223-B1BD-A2203BEF0B7A}.Release|Win32.ActiveCfg = Release|Win32
		{F907445C-E221-4223-B1BD-A2203BEF0B7A}.Release|Win32.Build.0 = Release|Win32
		{F907445C-E221-4223-B1BD-A2203BEF0B7A}.Release|x64.ActiveCfg = Release|x64
		{F907445C-E221-4223-B1BD-A2203BEF0B7A}.Release|x64.Build.0 = Release|x64
		{BE90F5CA-529F-4A4B-88D8-F6D16A6BBED4}.Debug|Win32.ActiveCfg = Debug|Win32
		{BE90F5CA-529F-4A4B-88D8-F6D16A6BBED4}.Debug|Win32.Build.0 = Debug|Win32
		{BE90F5CA-529F-4A4B-88D8-F6D16A6BBED4}.Debug|x64.ActiveCfg = Debug|x64
		{BE90F5CA-529F-4A4B-88D8-F6D16A6BBED4}.Debug|x64.Build.0 = Debug|x64
		{BE90F5CA-529F-4A4B-88D8-F6D16A6BBED4}.Release|Win32.ActiveCfg = Release|Win32
		{BE90F5CA-529F-4A4B-88D8-F6D16A6BBED4}.Release|Win32.Build.0 = Release|Win32
		{BE90F5CA-529F-4A4B-88D8-F6D16A6BBED4}.Release|x64.ActiveCfg = Release|x64
		{BE90F5CA-529F-4A4B-88D8-F6D16A6BBED4}.Release|x64.Build.0 = Release|x64
		{627F671A-7A74-420A-84C9-88F5542C37D2}.Debug|Win32.ActiveCfg = Debug|Win32
		{627F671A-7A74-420A-84C9-88F5542C37D2}.Debug|Win32.Build.0 = Debug|Win32
		{627F671A-7A74-420A-84C9-88F5542C37D2}.Debug|x64.ActiveCfg = Debug|x64
		{627F671A-7A74-420A-84C9-88F5542C37D2}.Debug|x64.Build.0 = Debug|x64
		{627F671A-7A74-420A-84C9-88F5542C37D2}.Release|Win32.ActiveCfg = Release|Win32
		{627F671A-7A74-420A-84C9-88F5542C37D2}.Release|Win32.Build.0 = Release|Win32
		{627F671A-7A74-420A-84C9-88F5542C37D2}.Release|x64.ActiveCfg = Release|x64
		{627F671A-7A74-420A-84C9-88F5542C37D2}.Release|x64.Build.0 = Release|x64
		{511F8B70-D56D-489A-8A15-24C45464BA6A}.Debug|Win32.ActiveCfg = Debug|Win32
		{511F8B70-D56D-489A-8A15-24C45464BA6A}.Debug|Win32.Build.0 = Debug|Win32
		{511F8B70-D56D-489A-8A15-24C45464BA6A}.Debug|x64.ActiveCfg = Debug|x64
		{511F8B70-D56D-489A-8A15-24C45464BA6A}.Debug|x64.Build.0 = Debug|x64
		{511F8B70-D56D-489A-8A15-24C45464BA6A}.Release|Win32.ActiveCfg = Release|Win32
		{511F8B70-D56D-489A-8A15-24C45464BA6A}.Release|Win32.Build.0 = Release|Win32
		{511F8B70-D56D-489A-8A15-24C45464BA6A}.Release|x64.ActiveCfg = Release|x64
		{511F8B70-D56D-489A-8A15-24C45464BA6A}.Release|x64.Build.0 = Release|x64
		{803A1A44-EAD2-4C20-9FC7-61EE18D3051B}.Debug|Win32.ActiveCfg = Debug|Win32
		{803A1A44-EAD2-4C20-9FC7-61EE18D3051B}.Debug|Win32.Build.0 = Debug|Win32
		{803A1A44-EAD2-4C20-9FC7-61EE18D3051B}.Debug|x64.ActiveCfg = Debug|x64
		{803A1A44-EAD2-4C20-9FC7-61EE18D3051B}.Debug|x64.Build.0 = Debug|x64
		{803A1A44-EAD2-4C20-9FC7-61EE18D3051B}.Release|Win32.ActiveCfg = Release|Win32
		{803A1A44-EAD2-4C20-9FC7-61EE18D3051B}.Release|Win32.Build.0 = Release|Win32
		{803A1A44-EAD2-4C20-9FC7-61EE18D3051B}.Release|x64.ActiveCfg = Release|x64
		{803A1A44-EAD2-4C20-9FC7-61EE18D3051B}.Release|x64.Build.0 = Release|x64
		{BA9E1F0B-35A5-40EA-930A-021E733A0704}.Debug|Win32.ActiveCfg = Debug|Win32
		{BA9E1F0B-35A5-40EA-930A-021E733A0704}.Debug|Win32.Build.0 = Debug|Win32
		{BA9E1F0B-35A5-40EA-930A-021E733A0704}.Debug|x64.ActiveCfg = Debug|x64
		{BA9E1F0B-35A5-40EA-930A-021E733A0704}.Debug|x64.Build.0 = Debug|x64
		{BA9E1F0B-35A5-40EA-930A-021E733A0704}.Release|Win32.ActiveCfg = Release|Win32
		{BA9E1F0B-35A5-40EA-930A-021E733A0704}.Release|Win32.Build.0 = Release|Win32
		{BA9E1F0B-35A5-40EA-930A-021E733A0704}.Release|x64.ActiveCfg = Release|x64
		{BA9E1F0B-35A5-40EA-930A-021E733A0704}.Release|x64.Build.0 = Release|x64
		{B0F0744B-CFA7-4AA4-A524-382BAA3421BC}.Debug|Win32.ActiveCfg = Debug|Win32
		{B0F0744B-CFA7-4AA4-A524-382BAA3421BC}.Debug|Win32.Build.0 = Debug|Win32
		{B0F0744B-CFA7-4AA4-A524-382BAA3421BC}.Debug|x64.ActiveCfg = Debug|x64
		{B0F0744B-CFA7-4AA4-A524-382BAA3421BC}.Debug|x64.Build.0 = Debug|x64
		{B0F0744B-CFA7-4AA4-A524-382BAA3421BC}.Release|Win32.ActiveCfg = Release|Win32
		{B0F0744B-CFA7-4AA4-A524-382BAA3421BC}.Release|Win32.Build.0 = Release|Win32
		{B0F0744B-CFA7-4AA4-A524-382BAA3421BC}.Release|x64.ActiveCfg = Release|x64
		{B0F0744B-CFA7-4AA4-A524-382BAA3421BC}.Release|x64.Build.0 = Release|x64
		{8C76FC18-4B81-4409-8EA7-51C8DAB25E69}.Debug|Win32.ActiveCfg = Debug|Win32
		{8C76FC18-4B81-4409-8EA7-51C8DAB25E69}.Debug|Win32.Build.0 = Debug|Win32
		{8C76FC18-4B81-4409-8EA7-51C8DAB25E69}.Debug|x64.ActiveCfg = Debug|x64
		{8C76FC18-4B81-4409-8EA7-51C8DAB25E69}.Debug|x64.Build.0 = Debug|x64
		{8C76FC18-4B81-4409-8EA7-51C8DAB25E69}.Release|Win32.ActiveCfg = Release|Win32
		{8C76FC18-4B81-4409-8EA7-51C8DAB25E69}.Release|Win32.Build.0 = Release|Win32
		{8C76FC18-4B81-4409-8EA7-51C8DAB25E69}.Release|x64.ActiveCfg = Release|x64
		{8C76FC18-4B81-4409-8EA7-51C8DAB25E69}.Release|x64.Build.0 = Release|x64
		{81B0C96A-A600-4A5C-879C-61F6777D74BF}.Debug|Win32.ActiveCfg = Debug|Win32
		{81B0C96A-A600-4A5C-879C-61F6777D74BF}.Debug|Win32.Build.0 = Debug|Win32
		{81B0C96A-A600-4A5C-879C-61F6777D74BF}.Debug|x64.ActiveCfg = Debug|x64
		{81B0C96A-A600-4A5C-879C-61F6777D74BF}.Debug|x64.Build.0 = Debug|x64
		{81B0C96A-A600-4A5C-879C-61F6777D74BF}.Release|Win32.ActiveCfg = Release|Win32
		{81B0C96A-A600-4A5C-879C-61F6777D74BF}.Release|Win32.Build.0 = Release|Win32
		{81B0C96A-A600-4A5C-879C-61F6777D74BF}.Release|x64.ActiveCfg = Release|x64
		{81B0C96A-A600-4A5C-879C-61F6777D74BF}.Release|x64.Build.0 = Release|x64
		{38CDC00F-8AB6-49B2-BCBF-75A3C05042A4}.Debug|Win32.ActiveCfg = Debug|Win32
		{38CDC00F-8AB6-49B2-BCBF-75A3C05042A4}.Debug|Win32.Build.0 = Debug|Win32
		{38CDC00F-8AB6-49B2-BCBF-75A3C05042A4}.Debug|x64.ActiveCfg = Debug|x64
		{38CDC00F-8AB6-49B2-BCBF-75A3C05042A4}.Debug|x64.Build.0 = Debug|x64
		{38CDC00F-8AB6-49B2-BCBF-75A3C05042A4}.Release|Win32.ActiveCfg = Release|Win32
		{38CDC00F-8AB6-49B2-BCBF-75A3C05042A4}.Release|Win32.Build.0 = Release|Win32
		{38CDC00F-8AB6-49B2-BCBF-75A3C05042A4}.Release|x64.ActiveCfg = Release|x64
		{38CDC00F-8AB6-49B2-BCBF-75A3C05042A4}.Release|x64.Build.0 = Release|x64
		{648EEEE6-D083-470C-9CC5-23A6802D1090}.Debug|Win32.ActiveCfg = Debug|Win32
		{648EEEE6-D083-470C-9CC5-23A6802D1090}.Debug|Win32.Build.0 = Debug|Win32
		{648EEEE6-D083-470C-9CC5-23A6802D1090}.Debug|x64.ActiveCfg = Debug|x64
		{648EEEE6-D083-470C-9CC5-23A6802D1090}.Debug|x64.Build.0 = Debug|x64
		{648EEEE6-D083-470C-9CC5-23A6802D1090}.Release|Win32.ActiveCfg = Release|Win32
		{648EEEE6-D083-470C-9CC5-23A6802D1090}.Release|Win32.Build.0 = Release|Win32
		{648EEEE6-D083-470C-9CC5-23A6802D1090}.Release|x64.ActiveCfg = Release|x64
		{648EEEE6-D083-470C-9CC5-23A6802D1090}.Release|x64.Build.0 = Release|x64
		{8FDF1069-2DC1-400D-8832-DA3FC8300627}.Debug|Win32.ActiveCfg = Debug|Win32
		{8FDF1069-2DC1-400D-8832-DA3FC8300627}.Debug|Win32.Build.0 = Debug|Win32
		{8FDF1069-2DC1-400D-8832-DA3FC8300627}.Debug|x64.ActiveCfg = Debug|x64
		{8FDF1069-2DC1-400D-8832-DA3FC8300627}.Debug|x64.Build.0 = Debug|x64
		{8FDF1069-2DC1-400D-8832-DA3FC8300627}.Release|Win32.ActiveCfg = Release|Win32
		{8FDF1069-2DC1-400D-8832-DA3FC8300627}.Release|Win32.Build.0 = Release|Win32
		{8FDF1069-2DC1-400D-8832-DA3FC8300627}.Release|x64.ActiveCfg = Release|x64
		{8FDF1069-2DC1-400D-8832-DA3FC8300627}.Release|x64.Build.0 = Release|x64
		{483ABF0A-4BC4-47E2-9ADA-1CB031AB3BA3}.Debug|Win32.ActiveCfg = Debug|Win32
		{483ABF0A-4BC4-47E2-9ADA-1CB031AB3BA3}.Debug|Win32.Build.0 = Debug|Win32
		{483ABF0A-4BC4-47E2-9ADA-1CB031AB3BA3}.Debug|x64.ActiveCfg = Debug|x64
		{483ABF0A-4BC4-47E2-9ADA-1CB031AB3BA3}.Debug|x64.Build.0 = Debug|x64
		{483ABF0A-4BC4-47E2-9ADA-1CB031AB3BA3}.Release|Win32.ActiveCfg = Release|Win32
		{483ABF0A-4BC4-47E2-9ADA-1CB031AB3BA3}.Release|Win32.Build.0 = Release|Win32
		{483ABF0A-4BC4-47E2-9ADA-1CB031AB3BA3}.Release|x64.ActiveCfg = Release|x64
		{483ABF0A-4BC4-47E2-9ADA-1CB031AB3BA3}.Release|x64.Build.0 = Release|x64
		{2326BFC2-0EBE-43CE-A096-C58F7567CD0A}.Debug|Win32.ActiveCfg = Debug|Win32
		{2326BFC2-0EBE-43CE-A096-C58F7567CD0A}.Debug|Win32.Build.0 = Debug|Win32
		{2326BFC2-0EBE-43CE-A096-C58F7567CD0A}.Debug|x64.ActiveCfg = Debug|x64
		{2326BFC2-0EBE-43CE-A096-C58F7567CD0A}.Debug|x64.Build.0 = Debug|x64
		{2326BFC2-0EBE-43CE-A096-C58F7567CD0A}.Release|Win32.ActiveCfg = Release|Win32
		{2326BFC2-0EBE-43CE-A096-C58F7567CD0A}.Release|Win32.Build.0 = Release|Win32
		{2326BFC2-0EBE-43CE-A096-C58F7567CD0A}.Release|x64.ActiveCfg = Release|x64
		{2326BFC2-0EBE-43CE-A096-C58F7567CD0A}.Release|x64.Build.0 = Release|x64
		{499F52B5-8B86-441B-BEBB-9164C221C1F7}.Debug|Win32.ActiveCfg = Debug|Win32
		{499F52B5-8B86-441B-BEBB-9164C221C1F7}.Debug|Win32.Build.0 = Debug|Win32
		{499F52B5-8B86-441B-BEBB-9164C221C1F7}.Debug|x64.ActiveCfg = Debug|x64
		{499F52B5-8B86-441B-BEBB-9164C221C1F7}.Debug|x64.Build.0 = Debug|x64
		{499F52B5-8B86-441B-BEBB-9164C221C1F7}.Release|Win32.ActiveCfg = Release|Win32
		{499F52B5-8B86-441B-BEBB-9164C221C1F7}.Release|Win32.Build.0 = Release|Win32
		{499F52B5-8B86-441B-BEBB-9164C221C1F7}.Release|x64.ActiveCfg = Release|x64
		{499F52B5-8B86-441B-BEBB-9164C221C1F7}.Release|x64.Build.0 = Release|x64
		{8835AE56-942E-45BE-B2E5-8CDCA19B00CE}.Debug|Win32.ActiveCfg = Debug|Win32
		{8835AE56-942E-45BE-B2E5-8CDCA19B00CE}.Debug|Win32.Build.0 = Debug|Win32
		{8835AE56-942E-45BE-B2E5-8CDCA19B00CE}.Debug|x64.ActiveCfg = Debug|x64
		{8835AE56-942E-45BE-B2E5-8CDCA19B00CE}.Debug|x64.Build.0 = Debug|x64
		{8835AE56-942E-45BE-B2E5-8CDCA19B00CE}.Release|Win32.ActiveCfg = Release|Win32
		{8835AE56-942E-45BE-B2E5-8CDCA19B00CE}.Release|Win32.Build.0 = Release|Win32
		{8835AE56-942E-45BE-B2E5-8CDCA19B00CE}.Release|x64.ActiveCfg = Release|x64
		{8835AE56-942E-45BE-B2E5-8CDCA19B00CE}.Release|x64.Build.0 = Release|x64
		{4471A3AD-1F32-43CC-96C9-904F5F29A812}.Debug|Win32.ActiveCfg = Debug|Win32
		{4471A3AD-1F32-43CC-96C9-904F5F29A812}.Debug|Win32.Build.0 = Debug|Win32
		{4471A3AD-1F32-43CC-96C9-904F5F29A812}.Debug|x64.ActiveCfg = Debug|x64
		{4471A3AD-1F32-43CC-96C9-904F5F29A812}.Debug|x64.Build.0 = Debug|x64
		{4471A3AD-1F32-43CC-96C9-904F5F29A812}.Release|Win32.ActiveCfg = Release|Win32
		{4471A3AD-1F32-43CC-96C9-904F5F29A812}.Release|Win32.Build.0 = Release|Win32
		{4471A3AD-1F32-43CC-96C9-904F5F29A812}.Release|x64.ActiveCfg = Release|x64
		{4471A3AD-1F32-43CC-96C9-904F5F29A812}.Release|x64.Build.0 = Release|x64
		{F24E10C1-D9C3-4372-920F-AAEB18475AB1}.Debug|Win32.ActiveCfg = Debug|Win32
		{F24E10C1-D9C3-4372-920F-AAEB18475AB1}.Debug|Win32.Build.0 = Debug|Win32
		{F24E10C1-D9C3-4372-920F-AAEB18475AB1}.Debug|x64.ActiveCfg = Debug|x64
		{F24E10C1-D9C3-4372-920F-AAEB18475AB1}.Debug|x64.Build.0 = Debug|x64
		{F24E10C1-D9C3-4372-920F-AAEB18475AB1}.Release|Win32.ActiveCfg = Release|Win32
		{F24E10C1-D9C3-4372-920F-AAEB18475AB1}.Release|Win32.Build.0 = Release|Win32
		{F24E10C1-D9C3-4372-920F-AAEB18475AB1}.Release|x64.ActiveCfg = Release|x64
		{F24E10C1-D9C3-4372-920F-AAEB18475AB1}.Release|x64.Build.0 = Release|x64
		{F9E80CD1-5D90-4D1E-8A6B-2357C1783EE0}.Debug|Win32.ActiveCfg = Debug|Win32
		{F9E80CD1-5D90-4D1E-8A6B-2357C1783EE0}.Debug|Win32.Build.0 = Debug|Win32
		{F9E80CD1-5D90-4D1E-8A6B-2357C1783EE0}.Debug|x64.ActiveCfg = Debug|x64
		{F9E80CD1-5D90-4D1E-8A6B-2357C1783EE0}.Debug|x64.Build.0 = Debug|x64
		{F9E80CD1-5D90-4D1E-8A6B-2357C1783EE0}.Release|Win32.ActiveCfg = Release|Win32
		{F9E80CD1-5D90-4D1E-8A6B-2357C1783EE0}.Release|Win32.Build.0 = Release|Win32
		{F9E80CD1-5D90-4D1E-8A6B-2357C1783EE0}.Release|x64.ActiveCfg = Release|x64
		{F9E80CD1-5D90-4D1E-8A6B-2357C1783EE0}.Release|x64.Build.0 = Release|x64
		{06832D37-7137-4001-8232-A9D8C91AC1AE}.Debug|Win32.ActiveCfg = Debug|Win32
		{06832D37-7137-4001-8232-A9D8C91AC1AE}.Debug|Win32.Build.0 = Debug|Win32
		{06832D37-7137-4001-8232-A9D8C91AC1AE}.Debug|x64.ActiveCfg = Debug|x64
		{06832D37-7137-4001-8232-A9D8C91AC1AE}.Debug|x64.Build.0 = Debug|x64
		{06832D37-7137-4001-8232-A9D8C91AC1AE}.Release|Win32.ActiveCfg = Release|Win32
		{06832D37-7137-4001-8232-A9D8C91AC1AE}.Release|Win32.Build.0 = Release|Win32
		{06832D37-7137-4001-8232-A9D8C91AC1AE}.Release|x64.ActiveCfg = Release|x64
		{06832D37-7137-4001-8232-A9D8C91AC1AE}.Release|x64.Build.0 = Release|x64
		{E0637240-9C14-460F-B579-2E0202E3A31F}.Debug|Win32.ActiveCfg = Debug|Win32
		{E0637240-9C14-460F-B579-2E0202E3A31F}.Debug|Win32.Build.0 = Debug|Win32
		{E0637240-9C14-460F-B579-2E0202E3A31F}.Debug|x64.ActiveCfg = Debug|x64
		{E0637240-9C14-460F-B579-2E0202E3A31F}.Debug|x64.Build.0 = Debug|x64
		{E0637240-9C14-460F-B579-2E0202E3A31F}.Release|Win32.ActiveCfg = Release|Win32
		{E0637240-9C14-460F-B579-2E0202E3A31F}.Release|Win32.Build.0 = Release|Win32
		{E0637240-9C14-460F-B579-2E0202E3A31F}.Release|x64.ActiveCfg = Release|x64
		{E0637240-9C14-460F-B579-2E0202E3A31F}.Release|x64.Build.0 = Release|x64
		{78A8168F-7AA0-4199-9CD5-46DEAB1A18F7}.Debug|Win32.ActiveCfg = Debug|Win32
		{78A8168F-7AA0-4199-9CD5-46DEAB1A18F7}.Debug|Win32.Build.0 = Debug|Win32
		{78A8168F-7AA0-4199-9CD5-46DEAB1A18F7}.Debug|x64.ActiveCfg = Debug|x64
		{78A8168F-7AA0-4199-9CD5-46DEAB1A18F7}.Debug|x64.Build.0 = Debug|x64
		{78A8168F-7AA0-4199-9CD5-46DEAB1A18F7}.Release|Win32.ActiveCfg = Release|Win32
		{78A8168F-7AA0-4199-9CD5-46DEAB1A18F7}.Release|Win32.Build.0 = Release|Win32
		{78A8168F-7AA0-4199-9CD5-46DEAB1A18F7}.Release|x64.ActiveCfg = Release|x64
		{78A8168F-7AA0-4199-9CD5-46DEAB1A18F7}.Release|x64.Build.0 = Release|x64
		{CF99FCC9-FB3D-4652-ADDF-6574F11AF96B}.Debug|Win32.ActiveCfg = Debug|Win32
		{CF99FCC9-FB3D-4652-ADDF-6574F11AF96B}.Debug|Win32.Build.0 = Debug|Win32
		{CF99FCC9-FB3D-4652-ADDF-6574F11AF96B}.Debug|x64.ActiveCfg = Debug|x64
		{CF99FCC9-FB3D-4652-ADDF-6574F11AF96B}.Debug|x64.Build.0 = Debug|x64
		{CF99FCC9-FB3D-4652-ADDF-6574F11AF96B}.Release|Win32.ActiveCfg = Release|Win32
		{CF99FCC9-FB3D-4652-ADDF-6574F11AF96B}.Release|Win32.Build.0 = Release|Win32
		{CF99FCC9-FB3D-4652-ADDF-6574F11AF96B}.Release|x64.ActiveCfg = Release|x64
		{CF99FCC9-FB3D-4652-ADDF-6574F11AF96B}.Release|x64.Build.0 = Release|x64
		{1973C03E-F390-4F46-9AB3-AC1236615D1D}.Debug|Win32.ActiveCfg = Debug|Win32
		{1973C03E-F390-4F46-9AB3-AC1236615D1D}.Debug|Win32.Build.0 = Debug|Win32
		{1973C03E-F390-4F46-9AB3-AC1236615D1D}.Debug|x64.ActiveCfg = Debug|x64
		{1973C03E-F390-4F46-9AB3-AC1236615D1D}.Debug|x64.Build.0 = Debug|x64
		{1973C03E-F390-4F46-9AB3-AC1236615D1D}.Release|Win32.ActiveCfg = Release|Win32
		{1973C03E-F390-4F46-9AB3-AC1236615D1D}.Release|Win32.Build.0 = Release|Win32
		{1973C03E-F390-4F46-9AB3-AC1236615D1D}.Release|x64.ActiveCfg = Release|x64
		{1973C03E-F390-4F46-9AB3-AC1236615D1D}.Release|x64.Build.0 = Release|x64
		{247C89FD-C09B-4207-AA22-5C0877A205E4}.Debug|Win32.ActiveCfg = Debug|Win32
		{247C89FD-C09B-4207-AA22-5C0877A205E4}.Debug|Win32.Build.0 = Debug|Win32
		{247C89FD-C09B-4207-AA22-5C0877A205E4}.Debug|x64.ActiveCfg = Debug|x64
		{247C89FD-C09B-4207-AA22-5C0877A205E4}.Debug|x64.Build.0 = Debug|x64
		{247C89FD-C09B-4207-AA22-5C0877A205E4}.Release|Win32.ActiveCfg = Release|Win32
		{247C89FD-C09B-4207-AA22-5C0877A205E4}.Release|Win32.Build.0 = Release|Win32
		{247C89FD-C09B-4207-AA22-5C0877A205E4}.Release|x64.ActiveCfg = Release|x64
		{247C89FD-C09B-4207-AA22-5C0877A205E4}.Release|x64.Build.0 = Release|x64
		{B436DA69-4638-49AF-8487-4E61ED803BD7}.Debug|Win32.ActiveCfg = Debug|Win32
		{B436DA69-4638-49AF-8487-4E61ED803BD7}.Debug|Win32.Build.0 = Debug|Win32
		{B436DA69-4638-49AF-8487-4E61ED803BD7}.Debug|x64.ActiveCfg = Debug|x64
		{B436DA69-4638-49AF-8487-4E61ED803BD7}.Debug|x64.Build.0 = Debug|x64
		{B436DA69-4638-49AF-8487-4E61ED803BD7}.Release|Win32.ActiveCfg = Release|Win32
		{B436DA69-4638-49AF-8487-4E61ED803BD7}.Release|Win32.Build.0 = Release|Win32
		{B436DA69-4638-49AF-8487-4E61ED803BD7}.Release|x64.ActiveCfg = Release|x64
		{B436DA69-4638-49AF-8487-4E61ED803BD7}.Release|x64.Build.0 = Release|x64
		{DE15639B-76CE-471C-B2AB-29CE551E1472}.Debug|Win32.ActiveCfg = Debug|Win32
		{DE15639B-76CE-471C-B2AB-29CE551E1472}.Debug|Win32.Build.0 = Debug|Win32
		{DE15639B-76CE-471C-B2AB-29CE551E1472}.Debug|x64.ActiveCfg = Debug|x64
		{DE15639B-76CE-471C-B2AB-29CE551E1472}.Debug|x64.Build.0 = Debug|x64
		{DE15639B-76CE-471C-B2AB-29CE551E1472}.Release|Win32.ActiveCfg = Release|Win32
		{DE15639B-76CE-471C-B2AB-29CE551E1472}.Release|Win32.Build.0 = Release|Win32
		{DE15639B-76CE-471C-B2AB-29CE551E1472}.Release|x64.ActiveCfg = Release|x64
		{DE15639B-76CE-471C-B2AB-29CE551E1472}.Release|x64.Build.0 = Release|x64
		{98A29483-B29A-4C5A-BB49-0E35DCE235A6}.Debug|Win32.ActiveCfg = Debug|Win32
		{98A29483-B29A-4C5A-BB49-0E35DCE235A6}.Debug|Win32.Build.0 = Debug|Win32
		{98A29483-B29A-4C5A-BB49-0E35DCE235A6}.Debug|x64.ActiveCfg = Debug|x64
		{98A29483-B29A-4C5A-BB49-0E35DCE235A6}.Debug|x64.Build.0 = Debug|x64
		{98A29483-B29A-4C5A-BB49-0E35DCE235A6}.Release|Win32.ActiveCfg = Release|Win32
		{98A29483-B29A-4C5A-BB49-0E35DCE235A6}.Release|Win32.Build.0 = Release|Win32
		{98A29483-B29A-4C5A-BB49-0E35DCE235A6}.Release|x64.ActiveCfg = Release|x64
		{98A29483-B29A-4C5A-BB49-0E35DCE235A6}.Release|x64.Build.0 = Release|x64
		{91F35605-7594-437D-B1BE-D687009D587A}.Debug|Win32.ActiveCfg = Debug|Win32
		{91F35605-7594-437D-B1BE-D687009D587A}.Debug|Win32.Build.0 = Debug|Win32
		{91F35605-7594-437D-B1BE-D687009D587A}.Debug|x64.ActiveCfg = Debug|x64
		{91F35605-7594-437D-B1BE-D687009D587A}.Debug|x64.Build.0 = Debug|x64
		{91F35605-7594-437D-B1BE-D687009D587A}.Release|Win32.ActiveCfg = Release|Win32
		{91F35605-7594-437D-B1BE-D687009D587A}.Release|Win32.Build.0 = Release|Win32
		{91F35605-7594-437D-B1BE-D687009D587A}.Release|x64.ActiveCfg = Release|x64
		{91F35605-7594-437D-B1BE-D687009D587A}.Release|x64.Build.0 = Release|x64
		{2B4A8B3A-CAE0-43BA-995A-8F03D5BCBBC6}.Debug|Win32.ActiveCfg = Debug|Win32
		{2B4A8B3A-CAE0-43BA-995A-8F03D5BCBBC6}.Debug|Win32.Build.0 = Debug|Win32
		{2B4A8B3A-CAE0-43BA-995A-8F03D5BCBBC6}.Debug|x64.ActiveCfg = Debug|x64
		{2B4A8B3A-CAE0-43BA-995A-8F03D5BCBBC6}.Debug|x64.Build.0 = Debug|x64
		{2B4A8B3A-CAE0-43BA-995A-8F03D5BCBBC6}.Release|Win32.ActiveCfg = Release|Win32
		{2B4A8B3A-CAE0-43BA-995A-8F03D5BCBBC6}.Release|Win32.Build.0 = Release|Win32
		{2B4A8B3A-CAE0-43BA-995A-8F03D5BCBBC6}.Release|x64.ActiveCfg = Release|x64
		{2B4A8B3A-CAE0-43BA-995A-8F03D5BCBBC6}.Release|x64.Build.0 = Release|x64
		{E6AA8C7F-36B4-4C5E-805D-FFCE0AAA6CC5}.Debug|Win32.ActiveCfg = Debug|Win32
		{E6AA8C7F-36B4-4C5E-805D-FFCE0AAA6CC5}.Debug|Win32.Build.0 = Debug|Win32
		{E6AA8C7F-36B4-4C5E-805D-FFCE0AAA6CC5}.Debug|x64.ActiveCfg = Debug|x64
		{E6AA8C7F-36B4-4C5E-805D-FFCE0AAA6CC5}.Debug|x64.Build.0 = Debug|x64
		{E6AA8C7F-36B4-4C5E-805D-FFCE0AAA6CC5}.Release|Win32.ActiveCfg = Release|Win32
		{E6AA8C7F-36B4-4C5E-805D-FFCE0AAA6CC5}.Release|Win32.Build.0 = Release|Win32
		{E6AA8C7F-36B4-4C5E-805D-FFCE0AAA6CC5}.Release|x64.ActiveCfg = Release|x64
		{E6AA8C7F-36B4-4C5E-805D-FFCE0AAA6CC5}.Release|x64.Build.0 = Release|x64
		{8878F6D8-6B18-4636-9657-493BC9FBC6FE}.Debug|Win32.ActiveCfg = Debug|Win32
		{8878F6D8-6B18-4636-9657-493BC9FBC6FE}.Debug|Win32.Build.0 = Debug|Win32
		{8878F6D8-6B18-4636-9657-493BC9FBC6FE}.Debug|x64.ActiveCfg = Debug|x64
		{8878F6D8-6B18-4636-9657-493BC9FBC6FE}.Debug|x64.Build.0 = Debug|x64
		{8878F6D8-6B18-4636-9657-493BC9FBC6FE}.Release|Win32.ActiveCfg = Release|Win32
		{8878F6D8-6B18-4636-9657-493BC9FBC6FE}.Release|Win32.Build.0 = Release|Win32
		{8878F6D8-6B18-4636-9657-493BC9FBC6FE}.Release|x64.ActiveCfg = Release|x64
		{8878F6D8-6B18-4636-9657-493BC9FBC6FE}.Release|x64.Build.0 = Release|x64
		{F2D58411-D733-47BE-ABC9-3A1BBE56ADCB}.Debug|Win32.ActiveCfg = Debug|Win32
		{F2D58411-D733-47BE-ABC9-3A1BBE56ADCB}.Debug|Win32.Build.0 = Debug|Win32
		{F2D58411-D733-47BE-ABC9-3A1BBE56ADCB}.Debug|x64.ActiveCfg = Debug|x64
		{F2D58411-D733-47BE-ABC9-3A1BBE56ADCB}.Debug|x64.Build.0 = Debug|x64
		{F2D58411-D733-47BE-ABC9-3A1BBE56ADCB}.Release|Win32.ActiveCfg = Release|Win32
		{F2D58411-D733-47BE-ABC9-3A1BBE56ADCB}.Release|Win32.Build.0 = Release|Win32
		{F2D58411-D733-47BE-ABC9-3A1BBE56ADCB}.Release|x64.ActiveCfg = Release|x64
		{F2D58411-D733-47BE-ABC9-3A1BBE56ADCB}.Release|x64.Build.0 = Release|x64
		{3DB46CAD-46B0-4CA9-9537-E8F4950897A6}.Debug|Win32.ActiveCfg = Debug|Win32
		{3DB46CAD-46B0-4CA9-9537-E8F4950897A6}.Debug|Win32.Build.0 = Debug|Win32
		{3DB46CAD-46B0-4CA9-9537-E8F4950897A6}.Debug|x64.ActiveCfg = Debug|x64
		{3DB46CAD-46B0-4CA9-9537-E8F4950897A6}.Debug|x64.Build.0 = Debug|x64
		{3DB46CAD-46B0-4CA9-9537-E8F4950897A6}.Release|Win32.ActiveCfg = Release|Win32
		{3DB46CAD-46B0-4CA9-9537-E8F4950897A6}.Release|Win32.Build.0 = Release|Win32
		{3DB46CAD-46B0-4CA9-9537-E8F4950897A6}.Release|x64.ActiveCfg = Release|x64
		{3DB46CAD-46B0-4CA9-9537-E8F4950897A6}.Release|x64.Build.0 = Release|x64
		{37D1DA4F-D659-4AFD-ACE3-CB57EFF51592}.Debug|Win32.ActiveCfg = Debug|Win32
		{37D1DA4F-D659-4AFD-ACE3-CB57EFF51592}.Debug|Win32.Build.0 = Debug|Win32
		{37D1DA4F-D659-4AFD-ACE3-CB57EFF51592}.Debug|x64.ActiveCfg = Debug|x64
		{37D1DA4F-D659-4AFD-ACE3-CB57EFF51592}.Debug|x64.Build.0 = Debug|x64
		{37D1DA4F-D659-4AFD-ACE3-CB57EFF51592}.Release|Win32.ActiveCfg = Release|Win32
		{37D1DA4F-D659-4AFD-ACE3-CB57EFF51592}.Release|Win32.Build.0 = Release|Win32
		{37D1DA4F-D659-4AFD-ACE3-CB57EFF51592}.Release|x64.ActiveCfg = Release|x64
		{37D1DA4F-D659-4AFD-ACE3-CB57EFF51592}.Release|x64.Build.0 = Release|x64
		{20C93A9D-A321-4A6E-B9FA-960D20175658}.Debug|Win32.ActiveCfg = Debug|Win32
		{20C93A9D-A321-4A6E-B9FA-960D20175658}.Debug|Win32.Build.0 = Debug|Win32
		{20C93A9D-A321-4A6E-B9FA-960D20175658}.Debug|x64.ActiveCfg = Debug|x64
		{20C93A9D-A321-4A6E-B9FA-960D20175658}.Debug|x64.Build.0 = Debug|x64
		{20C93A9D-A321-4A6E-B9FA-960D20175658}.Release|Win32.ActiveCfg = Release|Win32
		{20C93A9D-A321-4A6E-B9FA-960D20175658}.Release|Win32.Build.0 = Release|Win32
		{20C93A9D-A321-4A6E-B9FA-960D20175658}.Release|x64.ActiveCfg = Release|x64
		{20C93A9D-A321-4A6E-B9FA-960D20175658}.Release|x64.Build.0 = Release|x64
		{A159B2CA-C83B-4DB7-BFDD-B991A2627840}.Debug|Win32.ActiveCfg = Debug|Win32
		{A159B2CA-C83B-4DB7-BFDD-B991A2627840}.Debug|Win32.Build.0 = Debug|Win32
		{A159B2CA-C83B-4DB7-BFDD-B991A2627840}.Debug|x64.ActiveCfg = Debug|x64
		{A159B2CA-C83B-4DB7-BFDD-B991A2627840}.Debug|x64.Build.0 = Debug|x64
		{A159B2CA-C83B-4DB7-BFDD-B991A2627840}.Release|Win32.ActiveCfg = Release|Win32
		{A159B2CA-C83B-4DB7-BFDD-B991A2627840}.Release|Win32.Build.0 = Release|Win32
		{A159B2CA-C83B-4DB7-BFDD-B991A2627840}.Release|x64.ActiveCfg = Release|x64
		{A159B2CA-C83B-4DB7-BFDD-B991A2627840}.Release|x64.Build.0 = Release|x64
	EndGlobalSection
	GlobalSection(SolutionProperties) = preSolution
		HideSolutionNode = FALSE
	EndGlobalSection
	GlobalSection(ExtensibilityGlobals) = postSolution
		SolutionGuid = {A437622A-F156-42F0-BEDC-C006EB769DEA}
	EndGlobalSection
EndGlobal
